// !$*UTF8*$!
{
	archiveVersion = 1;
	classes = {
	};
	objectVersion = 46;
	objects = {

/* Begin PBXBuildFile section */
		833E568D17A1AF2400E9CE9B /* KANArtworkStore.m in Sources */ = {isa = PBXBuildFile; fileRef = 833E568C17A1AF2400E9CE9B /* KANArtworkStore.m */; };
		833E569117A1CAA800E9CE9B /* KANAPI.m in Sources */ = {isa = PBXBuildFile; fileRef = 833E569017A1CAA800E9CE9B /* KANAPI.m */; };
		833FF162178CB6420071195F /* NSDictionary+CJExtensions.m in Sources */ = {isa = PBXBuildFile; fileRef = 833FF161178CB6420071195F /* NSDictionary+CJExtensions.m */; };
		834302EF1789F13F006EC1A6 /* Foundation.framework in Frameworks */ = {isa = PBXBuildFile; fileRef = 834302EE1789F13F006EC1A6 /* Foundation.framework */; };
		834302F11789F13F006EC1A6 /* CoreGraphics.framework in Frameworks */ = {isa = PBXBuildFile; fileRef = 834302F01789F13F006EC1A6 /* CoreGraphics.framework */; };
		834302F31789F13F006EC1A6 /* UIKit.framework in Frameworks */ = {isa = PBXBuildFile; fileRef = 834302F21789F13F006EC1A6 /* UIKit.framework */; };
		834302F91789F13F006EC1A6 /* InfoPlist.strings in Resources */ = {isa = PBXBuildFile; fileRef = 834302F71789F13F006EC1A6 /* InfoPlist.strings */; };
		834302FB1789F13F006EC1A6 /* main.m in Sources */ = {isa = PBXBuildFile; fileRef = 834302FA1789F13F006EC1A6 /* main.m */; };
		834302FF1789F13F006EC1A6 /* KANAppDelegate.m in Sources */ = {isa = PBXBuildFile; fileRef = 834302FE1789F13F006EC1A6 /* KANAppDelegate.m */; };
		834303021789F13F006EC1A6 /* Main.storyboard in Resources */ = {isa = PBXBuildFile; fileRef = 834303001789F13F006EC1A6 /* Main.storyboard */; };
		834303071789F13F006EC1A6 /* Images.xcassets in Resources */ = {isa = PBXBuildFile; fileRef = 834303061789F13F006EC1A6 /* Images.xcassets */; };
		8343030E1789F13F006EC1A6 /* XCTest.framework in Frameworks */ = {isa = PBXBuildFile; fileRef = 8343030D1789F13F006EC1A6 /* XCTest.framework */; };
		8343030F1789F13F006EC1A6 /* Foundation.framework in Frameworks */ = {isa = PBXBuildFile; fileRef = 834302EE1789F13F006EC1A6 /* Foundation.framework */; };
		834303101789F13F006EC1A6 /* UIKit.framework in Frameworks */ = {isa = PBXBuildFile; fileRef = 834302F21789F13F006EC1A6 /* UIKit.framework */; };
		834303181789F13F006EC1A6 /* InfoPlist.strings in Resources */ = {isa = PBXBuildFile; fileRef = 834303161789F13F006EC1A6 /* InfoPlist.strings */; };
		834303251789F183006EC1A6 /* Model.xcdatamodeld in Sources */ = {isa = PBXBuildFile; fileRef = 834303231789F183006EC1A6 /* Model.xcdatamodeld */; };
		834303291789F953006EC1A6 /* KANDataStore.m in Sources */ = {isa = PBXBuildFile; fileRef = 834303281789F953006EC1A6 /* KANDataStore.m */; };
		83433321178BAF8900CC985D /* KANTrackArtist.m in Sources */ = {isa = PBXBuildFile; fileRef = 83433320178BAF8900CC985D /* KANTrackArtist.m */; };
		83433376178BC91400CC985D /* KANAlbumArtist.m in Sources */ = {isa = PBXBuildFile; fileRef = 83433375178BC91400CC985D /* KANAlbumArtist.m */; };
		8343337A178BCAB400CC985D /* KANAlbum.m in Sources */ = {isa = PBXBuildFile; fileRef = 83433379178BCAB400CC985D /* KANAlbum.m */; };
		8343337E178BCD0600CC985D /* KANDisc.m in Sources */ = {isa = PBXBuildFile; fileRef = 8343337D178BCD0600CC985D /* KANDisc.m */; };
		83433382178BD27800CC985D /* KANGenre.m in Sources */ = {isa = PBXBuildFile; fileRef = 83433381178BD27800CC985D /* KANGenre.m */; };
		83433386178BE1D400CC985D /* KANConstants.m in Sources */ = {isa = PBXBuildFile; fileRef = 83433385178BE1D400CC985D /* KANConstants.m */; };
		835153A717A879AA0088F692 /* KANAudioPlayerViewController.m in Sources */ = {isa = PBXBuildFile; fileRef = 835153A617A879AA0088F692 /* KANAudioPlayerViewController.m */; };
		835153AB17A87C520088F692 /* KANAudioStore.m in Sources */ = {isa = PBXBuildFile; fileRef = 835153AA17A87C520088F692 /* KANAudioStore.m */; };
		835153BC17A886180088F692 /* AudioPlayer.m in Sources */ = {isa = PBXBuildFile; fileRef = 835153AF17A886180088F692 /* AudioPlayer.m */; };
		835153BD17A886180088F692 /* AutoRecoveringHttpDataSource.m in Sources */ = {isa = PBXBuildFile; fileRef = 835153B117A886180088F692 /* AutoRecoveringHttpDataSource.m */; };
		835153BE17A886180088F692 /* CoreFoundationDataSource.m in Sources */ = {isa = PBXBuildFile; fileRef = 835153B317A886180088F692 /* CoreFoundationDataSource.m */; };
		835153BF17A886180088F692 /* DataSource.m in Sources */ = {isa = PBXBuildFile; fileRef = 835153B517A886180088F692 /* DataSource.m */; };
		835153C017A886180088F692 /* DataSourceWrapper.m in Sources */ = {isa = PBXBuildFile; fileRef = 835153B717A886180088F692 /* DataSourceWrapper.m */; };
		835153C117A886180088F692 /* HttpDataSource.m in Sources */ = {isa = PBXBuildFile; fileRef = 835153B917A886180088F692 /* HttpDataSource.m */; };
		835153C217A886180088F692 /* LocalFileDataSource.m in Sources */ = {isa = PBXBuildFile; fileRef = 835153BB17A886180088F692 /* LocalFileDataSource.m */; };
		835B00331791C22700E07A71 /* KANUtils.m in Sources */ = {isa = PBXBuildFile; fileRef = 835B00321791C22700E07A71 /* KANUtils.m */; };
		835B00381791C7E900E07A71 /* KANBaseTableViewController.m in Sources */ = {isa = PBXBuildFile; fileRef = 835B00371791C7E900E07A71 /* KANBaseTableViewController.m */; };
		8361466D17A2F91500984C26 /* KANWelcomeViewController.m in Sources */ = {isa = PBXBuildFile; fileRef = 8361466C17A2F91500984C26 /* KANWelcomeViewController.m */; };
		8361467017A30FA700984C26 /* SystemConfiguration.framework in Frameworks */ = {isa = PBXBuildFile; fileRef = 8361466F17A30FA700984C26 /* SystemConfiguration.framework */; };
		83617EBF17A2F70100BCC3C2 /* UIColor+CJExtensions.m in Sources */ = {isa = PBXBuildFile; fileRef = 83617EBE17A2F70100BCC3C2 /* UIColor+CJExtensions.m */; };
		836782A71799DC7E00348B6B /* KANGenreTableViewController.m in Sources */ = {isa = PBXBuildFile; fileRef = 836782A61799DC7E00348B6B /* KANGenreTableViewController.m */; };
		836782AB1799E0D500348B6B /* KANNavigationController.m in Sources */ = {isa = PBXBuildFile; fileRef = 836782AA1799E0D500348B6B /* KANNavigationController.m */; };
		836782AF1799F89300348B6B /* KANMainMenuViewController.m in Sources */ = {isa = PBXBuildFile; fileRef = 836782AE1799F89300348B6B /* KANMainMenuViewController.m */; };
		836782B31799FAF100348B6B /* KANMainMenuViewCell.m in Sources */ = {isa = PBXBuildFile; fileRef = 836782B21799FAF100348B6B /* KANMainMenuViewCell.m */; };
		836782C8179A268F00348B6B /* KANAlbumTrackListingViewController.m in Sources */ = {isa = PBXBuildFile; fileRef = 836782C7179A268F00348B6B /* KANAlbumTrackListingViewController.m */; };
		836782CC179A477600348B6B /* KANAlbumTrackListingCell.m in Sources */ = {isa = PBXBuildFile; fileRef = 836782CB179A477600348B6B /* KANAlbumTrackListingCell.m */; };
		836782D4179A4F5000348B6B /* KANAlbumTrackListingTableView.m in Sources */ = {isa = PBXBuildFile; fileRef = 836782D3179A4F5000348B6B /* KANAlbumTrackListingTableView.m */; };
		8394388717A4534E007B73B1 /* KANTrackTableViewController.m in Sources */ = {isa = PBXBuildFile; fileRef = 8394388617A4534E007B73B1 /* KANTrackTableViewController.m */; };
		83A28211179C9BD9008D0686 /* AFHTTPClient.m in Sources */ = {isa = PBXBuildFile; fileRef = 83A281FC179C9BD9008D0686 /* AFHTTPClient.m */; };
		83A28213179C9BD9008D0686 /* AFHTTPRequestOperation.m in Sources */ = {isa = PBXBuildFile; fileRef = 83A281FE179C9BD9008D0686 /* AFHTTPRequestOperation.m */; };
		83A28215179C9BD9008D0686 /* AFImageRequestOperation.m in Sources */ = {isa = PBXBuildFile; fileRef = 83A28200179C9BD9008D0686 /* AFImageRequestOperation.m */; };
		83A28217179C9BD9008D0686 /* AFJSONRequestOperation.m in Sources */ = {isa = PBXBuildFile; fileRef = 83A28202179C9BD9008D0686 /* AFJSONRequestOperation.m */; };
		83A28219179C9BD9008D0686 /* AFNetworkActivityIndicatorManager.m in Sources */ = {isa = PBXBuildFile; fileRef = 83A28204179C9BD9008D0686 /* AFNetworkActivityIndicatorManager.m */; };
		83A2821B179C9BD9008D0686 /* AFPropertyListRequestOperation.m in Sources */ = {isa = PBXBuildFile; fileRef = 83A28207179C9BD9008D0686 /* AFPropertyListRequestOperation.m */; };
		83A2821D179C9BD9008D0686 /* AFURLConnectionOperation.m in Sources */ = {isa = PBXBuildFile; fileRef = 83A28209179C9BD9008D0686 /* AFURLConnectionOperation.m */; };
		83A2821F179C9BD9008D0686 /* AFXMLRequestOperation.m in Sources */ = {isa = PBXBuildFile; fileRef = 83A2820B179C9BD9008D0686 /* AFXMLRequestOperation.m */; };
		83A28221179C9BD9008D0686 /* UIImageView+AFNetworking.m in Sources */ = {isa = PBXBuildFile; fileRef = 83A2820D179C9BD9008D0686 /* UIImageView+AFNetworking.m */; };
		83A28223179C9BD9008D0686 /* Base64.m in Sources */ = {isa = PBXBuildFile; fileRef = 83A28210179C9BD9008D0686 /* Base64.m */; };
		83A28227179CC15C008D0686 /* KANArtwork.m in Sources */ = {isa = PBXBuildFile; fileRef = 83A28226179CC15C008D0686 /* KANArtwork.m */; };
		83A4D848179B167E008597E0 /* KANTableViewCell.xib in Resources */ = {isa = PBXBuildFile; fileRef = 83A4D847179B167E008597E0 /* KANTableViewCell.xib */; };
		83A4D849179B167E008597E0 /* KANTableViewCell.xib in Resources */ = {isa = PBXBuildFile; fileRef = 83A4D847179B167E008597E0 /* KANTableViewCell.xib */; };
		83A4D84C179B17A8008597E0 /* KANTableViewCell.m in Sources */ = {isa = PBXBuildFile; fileRef = 83A4D84B179B17A8008597E0 /* KANTableViewCell.m */; };
		83A4D876179BB8AD008597E0 /* KANLabelContainerView.m in Sources */ = {isa = PBXBuildFile; fileRef = 83A4D875179BB8AD008597E0 /* KANLabelContainerView.m */; };
		83A810F017BC1BF900BC0C65 /* CJAudioPlayer.m in Sources */ = {isa = PBXBuildFile; fileRef = 83A810EB17BC1BF900BC0C65 /* CJAudioPlayer.m */; };
		83A810F117BC1BF900BC0C65 /* CJHTTPCachedDataSource.m in Sources */ = {isa = PBXBuildFile; fileRef = 83A810ED17BC1BF900BC0C65 /* CJHTTPCachedDataSource.m */; };
		83C1D86817C002180078F75A /* AMBlurView.m in Sources */ = {isa = PBXBuildFile; fileRef = 83C1D86717C002180078F75A /* AMBlurView.m */; };
		83C1D86B17C00F110078F75A /* UIImage+CJExtensions.m in Sources */ = {isa = PBXBuildFile; fileRef = 83C1D86A17C00F110078F75A /* UIImage+CJExtensions.m */; };
		83C7F23C17C1312F0095F1BB /* KANPlaylistTableViewCell.m in Sources */ = {isa = PBXBuildFile; fileRef = 83C7F23B17C1312F0095F1BB /* KANPlaylistTableViewCell.m */; };
		83C7F23E17C134E60095F1BB /* KANPlaylistTableViewCell.xib in Resources */ = {isa = PBXBuildFile; fileRef = 83C7F23D17C134E60095F1BB /* KANPlaylistTableViewCell.xib */; };
		83E31CFE179632AF00A6EAF7 /* KANAlbumArtistsTableViewController.m in Sources */ = {isa = PBXBuildFile; fileRef = 83E31CFD179632AF00A6EAF7 /* KANAlbumArtistsTableViewController.m */; };
		83E31D02179640E200A6EAF7 /* KANAlbumTableViewController.m in Sources */ = {isa = PBXBuildFile; fileRef = 83E31D01179640E200A6EAF7 /* KANAlbumTableViewController.m */; };
		83E3DD2617C2BAB5008884D9 /* KANPlaylistDataSource.m in Sources */ = {isa = PBXBuildFile; fileRef = 83E3DD2517C2BAB5008884D9 /* KANPlaylistDataSource.m */; };
		83E44D89178A0D7A00CB37C1 /* CoreData.framework in Frameworks */ = {isa = PBXBuildFile; fileRef = 83E44D88178A0D7A00CB37C1 /* CoreData.framework */; };
		83E44D8F178A204800CB37C1 /* KANTrack.m in Sources */ = {isa = PBXBuildFile; fileRef = 83E44D8D178A177700CB37C1 /* KANTrack.m */; };
		83E44D90178A206400CB37C1 /* KANEntity.m in Sources */ = {isa = PBXBuildFile; fileRef = 83E44D8B178A15A000CB37C1 /* KANEntity.m */; };
		83E44D9C178A7D8900CB37C1 /* KANUniqueEntity.m in Sources */ = {isa = PBXBuildFile; fileRef = 83E44D9B178A7D8900CB37C1 /* KANUniqueEntity.m */; };
		83ED871B17AB43EB001BBA4E /* KANDataStore.m in Sources */ = {isa = PBXBuildFile; fileRef = 834303281789F953006EC1A6 /* KANDataStore.m */; };
		83ED871C17AB4408001BBA4E /* KanihiTests.m in Sources */ = {isa = PBXBuildFile; fileRef = 834303191789F13F006EC1A6 /* KanihiTests.m */; };
		83ED871E17AB4545001BBA4E /* tracks1.json in Resources */ = {isa = PBXBuildFile; fileRef = 83ED871D17AB4545001BBA4E /* tracks1.json */; };
		83ED871F17AB4968001BBA4E /* KANConstants.m in Sources */ = {isa = PBXBuildFile; fileRef = 83433385178BE1D400CC985D /* KANConstants.m */; };
		83ED872317AC4606001BBA4E /* KANAudioPlayer.m in Sources */ = {isa = PBXBuildFile; fileRef = 83ED872217AC4606001BBA4E /* KANAudioPlayer.m */; };
		83ED873117AC68C1001BBA4E /* KANPlaylistModalViewController.m in Sources */ = {isa = PBXBuildFile; fileRef = 83ED873017AC68C1001BBA4E /* KANPlaylistModalViewController.m */; };
		83ED873317ACDE9E001BBA4E /* Reveal.framework in Frameworks */ = {isa = PBXBuildFile; fileRef = 83ED873217ACDE86001BBA4E /* Reveal.framework */; };
		83ED873517ACDEAB001BBA4E /* CFNetwork.framework in Frameworks */ = {isa = PBXBuildFile; fileRef = 83ED873417ACDEAB001BBA4E /* CFNetwork.framework */; };
		83ED873717ACDEB0001BBA4E /* QuartzCore.framework in Frameworks */ = {isa = PBXBuildFile; fileRef = 83ED873617ACDEB0001BBA4E /* QuartzCore.framework */; };
		83FB7B7A17911081003E56F8 /* CJStringNormalization.m in Sources */ = {isa = PBXBuildFile; fileRef = 83FB7B7317911081003E56F8 /* CJStringNormalization.m */; };
		83FB7B7C17911081003E56F8 /* NSArray+CJExtensions.m in Sources */ = {isa = PBXBuildFile; fileRef = 83FB7B7517911081003E56F8 /* NSArray+CJExtensions.m */; };
		83FB7B7E17911081003E56F8 /* NSDateFormatter+CJExtensions.m in Sources */ = {isa = PBXBuildFile; fileRef = 83FB7B7717911081003E56F8 /* NSDateFormatter+CJExtensions.m */; };
		83FB7B8017911081003E56F8 /* NSMutableArray+CJExtensions.m in Sources */ = {isa = PBXBuildFile; fileRef = 83FB7B7917911081003E56F8 /* NSMutableArray+CJExtensions.m */; };
/* End PBXBuildFile section */

/* Begin PBXContainerItemProxy section */
		834303111789F13F006EC1A6 /* PBXContainerItemProxy */ = {
			isa = PBXContainerItemProxy;
			containerPortal = 834302E31789F13F006EC1A6 /* Project object */;
			proxyType = 1;
			remoteGlobalIDString = 834302EA1789F13F006EC1A6;
			remoteInfo = Kanihi;
		};
/* End PBXContainerItemProxy section */

/* Begin PBXFileReference section */
		833E568B17A1AF2400E9CE9B /* KANArtworkStore.h */ = {isa = PBXFileReference; fileEncoding = 4; lastKnownFileType = sourcecode.c.h; path = KANArtworkStore.h; sourceTree = "<group>"; };
		833E568C17A1AF2400E9CE9B /* KANArtworkStore.m */ = {isa = PBXFileReference; fileEncoding = 4; lastKnownFileType = sourcecode.c.objc; path = KANArtworkStore.m; sourceTree = "<group>"; };
		833E568F17A1CAA800E9CE9B /* KANAPI.h */ = {isa = PBXFileReference; fileEncoding = 4; lastKnownFileType = sourcecode.c.h; path = KANAPI.h; sourceTree = "<group>"; };
		833E569017A1CAA800E9CE9B /* KANAPI.m */ = {isa = PBXFileReference; fileEncoding = 4; lastKnownFileType = sourcecode.c.objc; path = KANAPI.m; sourceTree = "<group>"; };
		833FF15E178CB6420071195F /* CJLog.h */ = {isa = PBXFileReference; fileEncoding = 4; lastKnownFileType = sourcecode.c.h; path = CJLog.h; sourceTree = "<group>"; };
		833FF15F178CB6420071195F /* CJUtils-Prefix.pch */ = {isa = PBXFileReference; fileEncoding = 4; lastKnownFileType = sourcecode.c.h; path = "CJUtils-Prefix.pch"; sourceTree = "<group>"; };
		833FF160178CB6420071195F /* NSDictionary+CJExtensions.h */ = {isa = PBXFileReference; fileEncoding = 4; lastKnownFileType = sourcecode.c.h; path = "NSDictionary+CJExtensions.h"; sourceTree = "<group>"; };
		833FF161178CB6420071195F /* NSDictionary+CJExtensions.m */ = {isa = PBXFileReference; fileEncoding = 4; lastKnownFileType = sourcecode.c.objc; path = "NSDictionary+CJExtensions.m"; sourceTree = "<group>"; };
		834302EB1789F13F006EC1A6 /* Kanihi.app */ = {isa = PBXFileReference; explicitFileType = wrapper.application; includeInIndex = 0; path = Kanihi.app; sourceTree = BUILT_PRODUCTS_DIR; };
		834302EE1789F13F006EC1A6 /* Foundation.framework */ = {isa = PBXFileReference; lastKnownFileType = wrapper.framework; name = Foundation.framework; path = System/Library/Frameworks/Foundation.framework; sourceTree = SDKROOT; };
		834302F01789F13F006EC1A6 /* CoreGraphics.framework */ = {isa = PBXFileReference; lastKnownFileType = wrapper.framework; name = CoreGraphics.framework; path = System/Library/Frameworks/CoreGraphics.framework; sourceTree = SDKROOT; };
		834302F21789F13F006EC1A6 /* UIKit.framework */ = {isa = PBXFileReference; lastKnownFileType = wrapper.framework; name = UIKit.framework; path = System/Library/Frameworks/UIKit.framework; sourceTree = SDKROOT; };
		834302F61789F13F006EC1A6 /* Kanihi-Info.plist */ = {isa = PBXFileReference; lastKnownFileType = text.plist.xml; path = "Kanihi-Info.plist"; sourceTree = "<group>"; };
		834302F81789F13F006EC1A6 /* en */ = {isa = PBXFileReference; lastKnownFileType = text.plist.strings; name = en; path = en.lproj/InfoPlist.strings; sourceTree = "<group>"; };
		834302FA1789F13F006EC1A6 /* main.m */ = {isa = PBXFileReference; lastKnownFileType = sourcecode.c.objc; path = main.m; sourceTree = "<group>"; };
		834302FC1789F13F006EC1A6 /* Kanihi-Prefix.pch */ = {isa = PBXFileReference; lastKnownFileType = sourcecode.c.h; path = "Kanihi-Prefix.pch"; sourceTree = "<group>"; };
		834302FD1789F13F006EC1A6 /* KANAppDelegate.h */ = {isa = PBXFileReference; lastKnownFileType = sourcecode.c.h; path = KANAppDelegate.h; sourceTree = "<group>"; };
		834302FE1789F13F006EC1A6 /* KANAppDelegate.m */ = {isa = PBXFileReference; lastKnownFileType = sourcecode.c.objc; path = KANAppDelegate.m; sourceTree = "<group>"; };
		834303011789F13F006EC1A6 /* Base */ = {isa = PBXFileReference; lastKnownFileType = file.storyboard; name = Base; path = Base.lproj/Main.storyboard; sourceTree = "<group>"; };
		834303061789F13F006EC1A6 /* Images.xcassets */ = {isa = PBXFileReference; lastKnownFileType = folder.assetcatalog; path = Images.xcassets; sourceTree = "<group>"; };
		8343030C1789F13F006EC1A6 /* KanihiTests.xctest */ = {isa = PBXFileReference; explicitFileType = wrapper.cfbundle; includeInIndex = 0; path = KanihiTests.xctest; sourceTree = BUILT_PRODUCTS_DIR; };
		8343030D1789F13F006EC1A6 /* XCTest.framework */ = {isa = PBXFileReference; lastKnownFileType = wrapper.framework; name = XCTest.framework; path = Library/Frameworks/XCTest.framework; sourceTree = DEVELOPER_DIR; };
		834303151789F13F006EC1A6 /* KanihiTests-Info.plist */ = {isa = PBXFileReference; lastKnownFileType = text.plist.xml; path = "KanihiTests-Info.plist"; sourceTree = "<group>"; };
		834303171789F13F006EC1A6 /* en */ = {isa = PBXFileReference; lastKnownFileType = text.plist.strings; name = en; path = en.lproj/InfoPlist.strings; sourceTree = "<group>"; };
		834303191789F13F006EC1A6 /* KanihiTests.m */ = {isa = PBXFileReference; lastKnownFileType = sourcecode.c.objc; path = KanihiTests.m; sourceTree = "<group>"; };
		834303241789F183006EC1A6 /* Model.xcdatamodel */ = {isa = PBXFileReference; lastKnownFileType = wrapper.xcdatamodel; path = Model.xcdatamodel; sourceTree = "<group>"; };
		834303271789F953006EC1A6 /* KANDataStore.h */ = {isa = PBXFileReference; fileEncoding = 4; lastKnownFileType = sourcecode.c.h; path = KANDataStore.h; sourceTree = "<group>"; };
		834303281789F953006EC1A6 /* KANDataStore.m */ = {isa = PBXFileReference; fileEncoding = 4; lastKnownFileType = sourcecode.c.objc; path = KANDataStore.m; sourceTree = "<group>"; };
		8343331F178BAF8900CC985D /* KANTrackArtist.h */ = {isa = PBXFileReference; fileEncoding = 4; lastKnownFileType = sourcecode.c.h; path = KANTrackArtist.h; sourceTree = "<group>"; };
		83433320178BAF8900CC985D /* KANTrackArtist.m */ = {isa = PBXFileReference; fileEncoding = 4; lastKnownFileType = sourcecode.c.objc; path = KANTrackArtist.m; sourceTree = "<group>"; };
		83433374178BC91400CC985D /* KANAlbumArtist.h */ = {isa = PBXFileReference; fileEncoding = 4; lastKnownFileType = sourcecode.c.h; path = KANAlbumArtist.h; sourceTree = "<group>"; };
		83433375178BC91400CC985D /* KANAlbumArtist.m */ = {isa = PBXFileReference; fileEncoding = 4; lastKnownFileType = sourcecode.c.objc; path = KANAlbumArtist.m; sourceTree = "<group>"; };
		83433378178BCAB400CC985D /* KANAlbum.h */ = {isa = PBXFileReference; fileEncoding = 4; lastKnownFileType = sourcecode.c.h; path = KANAlbum.h; sourceTree = "<group>"; };
		83433379178BCAB400CC985D /* KANAlbum.m */ = {isa = PBXFileReference; fileEncoding = 4; lastKnownFileType = sourcecode.c.objc; path = KANAlbum.m; sourceTree = "<group>"; };
		8343337C178BCD0600CC985D /* KANDisc.h */ = {isa = PBXFileReference; fileEncoding = 4; lastKnownFileType = sourcecode.c.h; path = KANDisc.h; sourceTree = "<group>"; };
		8343337D178BCD0600CC985D /* KANDisc.m */ = {isa = PBXFileReference; fileEncoding = 4; lastKnownFileType = sourcecode.c.objc; path = KANDisc.m; sourceTree = "<group>"; };
		83433380178BD27800CC985D /* KANGenre.h */ = {isa = PBXFileReference; fileEncoding = 4; lastKnownFileType = sourcecode.c.h; path = KANGenre.h; sourceTree = "<group>"; };
		83433381178BD27800CC985D /* KANGenre.m */ = {isa = PBXFileReference; fileEncoding = 4; lastKnownFileType = sourcecode.c.objc; path = KANGenre.m; sourceTree = "<group>"; };
		83433384178BE1D400CC985D /* KANConstants.h */ = {isa = PBXFileReference; fileEncoding = 4; lastKnownFileType = sourcecode.c.h; path = KANConstants.h; sourceTree = "<group>"; };
		83433385178BE1D400CC985D /* KANConstants.m */ = {isa = PBXFileReference; fileEncoding = 4; lastKnownFileType = sourcecode.c.objc; path = KANConstants.m; sourceTree = "<group>"; };
		835153A517A879AA0088F692 /* KANAudioPlayerViewController.h */ = {isa = PBXFileReference; fileEncoding = 4; lastKnownFileType = sourcecode.c.h; path = KANAudioPlayerViewController.h; sourceTree = "<group>"; };
		835153A617A879AA0088F692 /* KANAudioPlayerViewController.m */ = {isa = PBXFileReference; fileEncoding = 4; lastKnownFileType = sourcecode.c.objc; path = KANAudioPlayerViewController.m; sourceTree = "<group>"; };
		835153A917A87C520088F692 /* KANAudioStore.h */ = {isa = PBXFileReference; fileEncoding = 4; lastKnownFileType = sourcecode.c.h; path = KANAudioStore.h; sourceTree = "<group>"; };
		835153AA17A87C520088F692 /* KANAudioStore.m */ = {isa = PBXFileReference; fileEncoding = 4; lastKnownFileType = sourcecode.c.objc; path = KANAudioStore.m; sourceTree = "<group>"; };
		835153AE17A886180088F692 /* AudioPlayer.h */ = {isa = PBXFileReference; fileEncoding = 4; lastKnownFileType = sourcecode.c.h; path = AudioPlayer.h; sourceTree = "<group>"; };
		835153AF17A886180088F692 /* AudioPlayer.m */ = {isa = PBXFileReference; fileEncoding = 4; lastKnownFileType = sourcecode.c.objc; path = AudioPlayer.m; sourceTree = "<group>"; };
		835153B017A886180088F692 /* AutoRecoveringHttpDataSource.h */ = {isa = PBXFileReference; fileEncoding = 4; lastKnownFileType = sourcecode.c.h; path = AutoRecoveringHttpDataSource.h; sourceTree = "<group>"; };
		835153B117A886180088F692 /* AutoRecoveringHttpDataSource.m */ = {isa = PBXFileReference; fileEncoding = 4; lastKnownFileType = sourcecode.c.objc; path = AutoRecoveringHttpDataSource.m; sourceTree = "<group>"; };
		835153B217A886180088F692 /* CoreFoundationDataSource.h */ = {isa = PBXFileReference; fileEncoding = 4; lastKnownFileType = sourcecode.c.h; path = CoreFoundationDataSource.h; sourceTree = "<group>"; };
		835153B317A886180088F692 /* CoreFoundationDataSource.m */ = {isa = PBXFileReference; fileEncoding = 4; lastKnownFileType = sourcecode.c.objc; path = CoreFoundationDataSource.m; sourceTree = "<group>"; };
		835153B417A886180088F692 /* DataSource.h */ = {isa = PBXFileReference; fileEncoding = 4; lastKnownFileType = sourcecode.c.h; path = DataSource.h; sourceTree = "<group>"; };
		835153B517A886180088F692 /* DataSource.m */ = {isa = PBXFileReference; fileEncoding = 4; lastKnownFileType = sourcecode.c.objc; path = DataSource.m; sourceTree = "<group>"; };
		835153B617A886180088F692 /* DataSourceWrapper.h */ = {isa = PBXFileReference; fileEncoding = 4; lastKnownFileType = sourcecode.c.h; path = DataSourceWrapper.h; sourceTree = "<group>"; };
		835153B717A886180088F692 /* DataSourceWrapper.m */ = {isa = PBXFileReference; fileEncoding = 4; lastKnownFileType = sourcecode.c.objc; path = DataSourceWrapper.m; sourceTree = "<group>"; };
		835153B817A886180088F692 /* HttpDataSource.h */ = {isa = PBXFileReference; fileEncoding = 4; lastKnownFileType = sourcecode.c.h; path = HttpDataSource.h; sourceTree = "<group>"; };
		835153B917A886180088F692 /* HttpDataSource.m */ = {isa = PBXFileReference; fileEncoding = 4; lastKnownFileType = sourcecode.c.objc; path = HttpDataSource.m; sourceTree = "<group>"; };
		835153BA17A886180088F692 /* LocalFileDataSource.h */ = {isa = PBXFileReference; fileEncoding = 4; lastKnownFileType = sourcecode.c.h; path = LocalFileDataSource.h; sourceTree = "<group>"; };
		835153BB17A886180088F692 /* LocalFileDataSource.m */ = {isa = PBXFileReference; fileEncoding = 4; lastKnownFileType = sourcecode.c.objc; path = LocalFileDataSource.m; sourceTree = "<group>"; };
		835B00311791C22700E07A71 /* KANUtils.h */ = {isa = PBXFileReference; fileEncoding = 4; lastKnownFileType = sourcecode.c.h; path = KANUtils.h; sourceTree = "<group>"; };
		835B00321791C22700E07A71 /* KANUtils.m */ = {isa = PBXFileReference; fileEncoding = 4; lastKnownFileType = sourcecode.c.objc; path = KANUtils.m; sourceTree = "<group>"; };
		835B00361791C7E900E07A71 /* KANBaseTableViewController.h */ = {isa = PBXFileReference; fileEncoding = 4; lastKnownFileType = sourcecode.c.h; path = KANBaseTableViewController.h; sourceTree = "<group>"; };
		835B00371791C7E900E07A71 /* KANBaseTableViewController.m */ = {isa = PBXFileReference; fileEncoding = 4; lastKnownFileType = sourcecode.c.objc; path = KANBaseTableViewController.m; sourceTree = "<group>"; };
		8361466B17A2F91500984C26 /* KANWelcomeViewController.h */ = {isa = PBXFileReference; fileEncoding = 4; lastKnownFileType = sourcecode.c.h; path = KANWelcomeViewController.h; sourceTree = "<group>"; };
		8361466C17A2F91500984C26 /* KANWelcomeViewController.m */ = {isa = PBXFileReference; fileEncoding = 4; lastKnownFileType = sourcecode.c.objc; path = KANWelcomeViewController.m; sourceTree = "<group>"; };
		8361466F17A30FA700984C26 /* SystemConfiguration.framework */ = {isa = PBXFileReference; lastKnownFileType = wrapper.framework; name = SystemConfiguration.framework; path = System/Library/Frameworks/SystemConfiguration.framework; sourceTree = SDKROOT; };
		83617EBD17A2F70100BCC3C2 /* UIColor+CJExtensions.h */ = {isa = PBXFileReference; fileEncoding = 4; lastKnownFileType = sourcecode.c.h; name = "UIColor+CJExtensions.h"; path = "../../cjutils-objc/CJUtils/UIColor+CJExtensions.h"; sourceTree = "<group>"; };
		83617EBE17A2F70100BCC3C2 /* UIColor+CJExtensions.m */ = {isa = PBXFileReference; fileEncoding = 4; lastKnownFileType = sourcecode.c.objc; name = "UIColor+CJExtensions.m"; path = "../../cjutils-objc/CJUtils/UIColor+CJExtensions.m"; sourceTree = "<group>"; };
		836782A51799DC7E00348B6B /* KANGenreTableViewController.h */ = {isa = PBXFileReference; fileEncoding = 4; lastKnownFileType = sourcecode.c.h; path = KANGenreTableViewController.h; sourceTree = "<group>"; };
		836782A61799DC7E00348B6B /* KANGenreTableViewController.m */ = {isa = PBXFileReference; fileEncoding = 4; lastKnownFileType = sourcecode.c.objc; path = KANGenreTableViewController.m; sourceTree = "<group>"; };
		836782A91799E0D500348B6B /* KANNavigationController.h */ = {isa = PBXFileReference; fileEncoding = 4; lastKnownFileType = sourcecode.c.h; path = KANNavigationController.h; sourceTree = "<group>"; };
		836782AA1799E0D500348B6B /* KANNavigationController.m */ = {isa = PBXFileReference; fileEncoding = 4; lastKnownFileType = sourcecode.c.objc; path = KANNavigationController.m; sourceTree = "<group>"; };
		836782AD1799F89300348B6B /* KANMainMenuViewController.h */ = {isa = PBXFileReference; fileEncoding = 4; lastKnownFileType = sourcecode.c.h; path = KANMainMenuViewController.h; sourceTree = "<group>"; };
		836782AE1799F89300348B6B /* KANMainMenuViewController.m */ = {isa = PBXFileReference; fileEncoding = 4; lastKnownFileType = sourcecode.c.objc; path = KANMainMenuViewController.m; sourceTree = "<group>"; };
		836782B11799FAF100348B6B /* KANMainMenuViewCell.h */ = {isa = PBXFileReference; fileEncoding = 4; lastKnownFileType = sourcecode.c.h; path = KANMainMenuViewCell.h; sourceTree = "<group>"; };
		836782B21799FAF100348B6B /* KANMainMenuViewCell.m */ = {isa = PBXFileReference; fileEncoding = 4; lastKnownFileType = sourcecode.c.objc; path = KANMainMenuViewCell.m; sourceTree = "<group>"; };
		836782C6179A268F00348B6B /* KANAlbumTrackListingViewController.h */ = {isa = PBXFileReference; fileEncoding = 4; lastKnownFileType = sourcecode.c.h; path = KANAlbumTrackListingViewController.h; sourceTree = "<group>"; };
		836782C7179A268F00348B6B /* KANAlbumTrackListingViewController.m */ = {isa = PBXFileReference; fileEncoding = 4; lastKnownFileType = sourcecode.c.objc; path = KANAlbumTrackListingViewController.m; sourceTree = "<group>"; };
		836782CA179A477600348B6B /* KANAlbumTrackListingCell.h */ = {isa = PBXFileReference; fileEncoding = 4; lastKnownFileType = sourcecode.c.h; path = KANAlbumTrackListingCell.h; sourceTree = "<group>"; };
		836782CB179A477600348B6B /* KANAlbumTrackListingCell.m */ = {isa = PBXFileReference; fileEncoding = 4; lastKnownFileType = sourcecode.c.objc; path = KANAlbumTrackListingCell.m; sourceTree = "<group>"; };
		836782D2179A4F5000348B6B /* KANAlbumTrackListingTableView.h */ = {isa = PBXFileReference; fileEncoding = 4; lastKnownFileType = sourcecode.c.h; path = KANAlbumTrackListingTableView.h; sourceTree = "<group>"; };
		836782D3179A4F5000348B6B /* KANAlbumTrackListingTableView.m */ = {isa = PBXFileReference; fileEncoding = 4; lastKnownFileType = sourcecode.c.objc; path = KANAlbumTrackListingTableView.m; sourceTree = "<group>"; };
		8394388517A4534E007B73B1 /* KANTrackTableViewController.h */ = {isa = PBXFileReference; fileEncoding = 4; lastKnownFileType = sourcecode.c.h; path = KANTrackTableViewController.h; sourceTree = "<group>"; };
		8394388617A4534E007B73B1 /* KANTrackTableViewController.m */ = {isa = PBXFileReference; fileEncoding = 4; lastKnownFileType = sourcecode.c.objc; path = KANTrackTableViewController.m; sourceTree = "<group>"; };
		83A281FB179C9BD9008D0686 /* AFHTTPClient.h */ = {isa = PBXFileReference; fileEncoding = 4; lastKnownFileType = sourcecode.c.h; path = AFHTTPClient.h; sourceTree = "<group>"; };
		83A281FC179C9BD9008D0686 /* AFHTTPClient.m */ = {isa = PBXFileReference; fileEncoding = 4; lastKnownFileType = sourcecode.c.objc; path = AFHTTPClient.m; sourceTree = "<group>"; };
		83A281FD179C9BD9008D0686 /* AFHTTPRequestOperation.h */ = {isa = PBXFileReference; fileEncoding = 4; lastKnownFileType = sourcecode.c.h; path = AFHTTPRequestOperation.h; sourceTree = "<group>"; };
		83A281FE179C9BD9008D0686 /* AFHTTPRequestOperation.m */ = {isa = PBXFileReference; fileEncoding = 4; lastKnownFileType = sourcecode.c.objc; path = AFHTTPRequestOperation.m; sourceTree = "<group>"; };
		83A281FF179C9BD9008D0686 /* AFImageRequestOperation.h */ = {isa = PBXFileReference; fileEncoding = 4; lastKnownFileType = sourcecode.c.h; path = AFImageRequestOperation.h; sourceTree = "<group>"; };
		83A28200179C9BD9008D0686 /* AFImageRequestOperation.m */ = {isa = PBXFileReference; fileEncoding = 4; lastKnownFileType = sourcecode.c.objc; path = AFImageRequestOperation.m; sourceTree = "<group>"; };
		83A28201179C9BD9008D0686 /* AFJSONRequestOperation.h */ = {isa = PBXFileReference; fileEncoding = 4; lastKnownFileType = sourcecode.c.h; path = AFJSONRequestOperation.h; sourceTree = "<group>"; };
		83A28202179C9BD9008D0686 /* AFJSONRequestOperation.m */ = {isa = PBXFileReference; fileEncoding = 4; lastKnownFileType = sourcecode.c.objc; path = AFJSONRequestOperation.m; sourceTree = "<group>"; };
		83A28203179C9BD9008D0686 /* AFNetworkActivityIndicatorManager.h */ = {isa = PBXFileReference; fileEncoding = 4; lastKnownFileType = sourcecode.c.h; path = AFNetworkActivityIndicatorManager.h; sourceTree = "<group>"; };
		83A28204179C9BD9008D0686 /* AFNetworkActivityIndicatorManager.m */ = {isa = PBXFileReference; fileEncoding = 4; lastKnownFileType = sourcecode.c.objc; path = AFNetworkActivityIndicatorManager.m; sourceTree = "<group>"; };
		83A28205179C9BD9008D0686 /* AFNetworking.h */ = {isa = PBXFileReference; fileEncoding = 4; lastKnownFileType = sourcecode.c.h; path = AFNetworking.h; sourceTree = "<group>"; };
		83A28206179C9BD9008D0686 /* AFPropertyListRequestOperation.h */ = {isa = PBXFileReference; fileEncoding = 4; lastKnownFileType = sourcecode.c.h; path = AFPropertyListRequestOperation.h; sourceTree = "<group>"; };
		83A28207179C9BD9008D0686 /* AFPropertyListRequestOperation.m */ = {isa = PBXFileReference; fileEncoding = 4; lastKnownFileType = sourcecode.c.objc; path = AFPropertyListRequestOperation.m; sourceTree = "<group>"; };
		83A28208179C9BD9008D0686 /* AFURLConnectionOperation.h */ = {isa = PBXFileReference; fileEncoding = 4; lastKnownFileType = sourcecode.c.h; path = AFURLConnectionOperation.h; sourceTree = "<group>"; };
		83A28209179C9BD9008D0686 /* AFURLConnectionOperation.m */ = {isa = PBXFileReference; fileEncoding = 4; lastKnownFileType = sourcecode.c.objc; path = AFURLConnectionOperation.m; sourceTree = "<group>"; };
		83A2820A179C9BD9008D0686 /* AFXMLRequestOperation.h */ = {isa = PBXFileReference; fileEncoding = 4; lastKnownFileType = sourcecode.c.h; path = AFXMLRequestOperation.h; sourceTree = "<group>"; };
		83A2820B179C9BD9008D0686 /* AFXMLRequestOperation.m */ = {isa = PBXFileReference; fileEncoding = 4; lastKnownFileType = sourcecode.c.objc; path = AFXMLRequestOperation.m; sourceTree = "<group>"; };
		83A2820C179C9BD9008D0686 /* UIImageView+AFNetworking.h */ = {isa = PBXFileReference; fileEncoding = 4; lastKnownFileType = sourcecode.c.h; path = "UIImageView+AFNetworking.h"; sourceTree = "<group>"; };
		83A2820D179C9BD9008D0686 /* UIImageView+AFNetworking.m */ = {isa = PBXFileReference; fileEncoding = 4; lastKnownFileType = sourcecode.c.objc; path = "UIImageView+AFNetworking.m"; sourceTree = "<group>"; };
		83A2820F179C9BD9008D0686 /* Base64.h */ = {isa = PBXFileReference; fileEncoding = 4; lastKnownFileType = sourcecode.c.h; path = Base64.h; sourceTree = "<group>"; };
		83A28210179C9BD9008D0686 /* Base64.m */ = {isa = PBXFileReference; fileEncoding = 4; lastKnownFileType = sourcecode.c.objc; path = Base64.m; sourceTree = "<group>"; };
		83A28225179CC15C008D0686 /* KANArtwork.h */ = {isa = PBXFileReference; fileEncoding = 4; lastKnownFileType = sourcecode.c.h; path = KANArtwork.h; sourceTree = "<group>"; };
		83A28226179CC15C008D0686 /* KANArtwork.m */ = {isa = PBXFileReference; fileEncoding = 4; lastKnownFileType = sourcecode.c.objc; path = KANArtwork.m; sourceTree = "<group>"; };
		83A4D847179B167E008597E0 /* KANTableViewCell.xib */ = {isa = PBXFileReference; fileEncoding = 4; lastKnownFileType = file.xib; path = KANTableViewCell.xib; sourceTree = "<group>"; };
		83A4D84A179B17A8008597E0 /* KANTableViewCell.h */ = {isa = PBXFileReference; fileEncoding = 4; lastKnownFileType = sourcecode.c.h; path = KANTableViewCell.h; sourceTree = "<group>"; };
		83A4D84B179B17A8008597E0 /* KANTableViewCell.m */ = {isa = PBXFileReference; fileEncoding = 4; lastKnownFileType = sourcecode.c.objc; path = KANTableViewCell.m; sourceTree = "<group>"; };
		83A4D874179BB8AD008597E0 /* KANLabelContainerView.h */ = {isa = PBXFileReference; fileEncoding = 4; lastKnownFileType = sourcecode.c.h; path = KANLabelContainerView.h; sourceTree = "<group>"; };
		83A4D875179BB8AD008597E0 /* KANLabelContainerView.m */ = {isa = PBXFileReference; fileEncoding = 4; lastKnownFileType = sourcecode.c.objc; path = KANLabelContainerView.m; sourceTree = "<group>"; };
		83A810EA17BC1BF900BC0C65 /* CJAudioPlayer.h */ = {isa = PBXFileReference; fileEncoding = 4; lastKnownFileType = sourcecode.c.h; name = CJAudioPlayer.h; path = Classes/CJAudioPlayer.h; sourceTree = "<group>"; };
		83A810EB17BC1BF900BC0C65 /* CJAudioPlayer.m */ = {isa = PBXFileReference; fileEncoding = 4; lastKnownFileType = sourcecode.c.objc; name = CJAudioPlayer.m; path = Classes/CJAudioPlayer.m; sourceTree = "<group>"; };
		83A810EC17BC1BF900BC0C65 /* CJHTTPCachedDataSource.h */ = {isa = PBXFileReference; fileEncoding = 4; lastKnownFileType = sourcecode.c.h; name = CJHTTPCachedDataSource.h; path = Classes/CJHTTPCachedDataSource.h; sourceTree = "<group>"; };
		83A810ED17BC1BF900BC0C65 /* CJHTTPCachedDataSource.m */ = {isa = PBXFileReference; fileEncoding = 4; lastKnownFileType = sourcecode.c.objc; name = CJHTTPCachedDataSource.m; path = Classes/CJHTTPCachedDataSource.m; sourceTree = "<group>"; };
		83C1D86617C002180078F75A /* AMBlurView.h */ = {isa = PBXFileReference; fileEncoding = 4; lastKnownFileType = sourcecode.c.h; name = AMBlurView.h; path = "../../iOS-blur/blur/blur/AMBlurView.h"; sourceTree = "<group>"; };
		83C1D86717C002180078F75A /* AMBlurView.m */ = {isa = PBXFileReference; fileEncoding = 4; lastKnownFileType = sourcecode.c.objc; name = AMBlurView.m; path = "../../iOS-blur/blur/blur/AMBlurView.m"; sourceTree = "<group>"; };
		83C1D86917C00F110078F75A /* UIImage+CJExtensions.h */ = {isa = PBXFileReference; fileEncoding = 4; lastKnownFileType = sourcecode.c.h; name = "UIImage+CJExtensions.h"; path = "../../cjutils-objc/CJUtils/UIImage+CJExtensions.h"; sourceTree = "<group>"; };
		83C1D86A17C00F110078F75A /* UIImage+CJExtensions.m */ = {isa = PBXFileReference; fileEncoding = 4; lastKnownFileType = sourcecode.c.objc; name = "UIImage+CJExtensions.m"; path = "../../cjutils-objc/CJUtils/UIImage+CJExtensions.m"; sourceTree = "<group>"; };
		83C7F23A17C1312F0095F1BB /* KANPlaylistTableViewCell.h */ = {isa = PBXFileReference; fileEncoding = 4; lastKnownFileType = sourcecode.c.h; path = KANPlaylistTableViewCell.h; sourceTree = "<group>"; };
		83C7F23B17C1312F0095F1BB /* KANPlaylistTableViewCell.m */ = {isa = PBXFileReference; fileEncoding = 4; lastKnownFileType = sourcecode.c.objc; path = KANPlaylistTableViewCell.m; sourceTree = "<group>"; };
		83C7F23D17C134E60095F1BB /* KANPlaylistTableViewCell.xib */ = {isa = PBXFileReference; fileEncoding = 4; lastKnownFileType = file.xib; path = KANPlaylistTableViewCell.xib; sourceTree = "<group>"; };
		83E31CFC179632AF00A6EAF7 /* KANAlbumArtistsTableViewController.h */ = {isa = PBXFileReference; fileEncoding = 4; lastKnownFileType = sourcecode.c.h; path = KANAlbumArtistsTableViewController.h; sourceTree = "<group>"; };
		83E31CFD179632AF00A6EAF7 /* KANAlbumArtistsTableViewController.m */ = {isa = PBXFileReference; fileEncoding = 4; lastKnownFileType = sourcecode.c.objc; path = KANAlbumArtistsTableViewController.m; sourceTree = "<group>"; };
		83E31D00179640E200A6EAF7 /* KANAlbumTableViewController.h */ = {isa = PBXFileReference; fileEncoding = 4; lastKnownFileType = sourcecode.c.h; path = KANAlbumTableViewController.h; sourceTree = "<group>"; };
		83E31D01179640E200A6EAF7 /* KANAlbumTableViewController.m */ = {isa = PBXFileReference; fileEncoding = 4; lastKnownFileType = sourcecode.c.objc; path = KANAlbumTableViewController.m; sourceTree = "<group>"; };
		83E3DD2417C2BAB5008884D9 /* KANPlaylistDataSource.h */ = {isa = PBXFileReference; fileEncoding = 4; lastKnownFileType = sourcecode.c.h; path = KANPlaylistDataSource.h; sourceTree = "<group>"; };
		83E3DD2517C2BAB5008884D9 /* KANPlaylistDataSource.m */ = {isa = PBXFileReference; fileEncoding = 4; lastKnownFileType = sourcecode.c.objc; path = KANPlaylistDataSource.m; sourceTree = "<group>"; };
		83E44D88178A0D7A00CB37C1 /* CoreData.framework */ = {isa = PBXFileReference; lastKnownFileType = wrapper.framework; name = CoreData.framework; path = System/Library/Frameworks/CoreData.framework; sourceTree = SDKROOT; };
		83E44D8A178A15A000CB37C1 /* KANEntity.h */ = {isa = PBXFileReference; lastKnownFileType = sourcecode.c.h; path = KANEntity.h; sourceTree = "<group>"; };
		83E44D8B178A15A000CB37C1 /* KANEntity.m */ = {isa = PBXFileReference; lastKnownFileType = sourcecode.c.objc; path = KANEntity.m; sourceTree = "<group>"; };
		83E44D8C178A177700CB37C1 /* KANTrack.h */ = {isa = PBXFileReference; lastKnownFileType = sourcecode.c.h; path = KANTrack.h; sourceTree = "<group>"; };
		83E44D8D178A177700CB37C1 /* KANTrack.m */ = {isa = PBXFileReference; lastKnownFileType = sourcecode.c.objc; path = KANTrack.m; sourceTree = "<group>"; };
		83E44D8E178A1CD100CB37C1 /* KANUniqueEntity.h */ = {isa = PBXFileReference; lastKnownFileType = sourcecode.c.h; path = KANUniqueEntity.h; sourceTree = "<group>"; };
		83E44D9B178A7D8900CB37C1 /* KANUniqueEntity.m */ = {isa = PBXFileReference; fileEncoding = 4; lastKnownFileType = sourcecode.c.objc; path = KANUniqueEntity.m; sourceTree = "<group>"; };
		83ED871D17AB4545001BBA4E /* tracks1.json */ = {isa = PBXFileReference; fileEncoding = 4; lastKnownFileType = text.json; path = tracks1.json; sourceTree = "<group>"; };
		83ED872117AC4606001BBA4E /* KANAudioPlayer.h */ = {isa = PBXFileReference; fileEncoding = 4; lastKnownFileType = sourcecode.c.h; path = KANAudioPlayer.h; sourceTree = "<group>"; };
		83ED872217AC4606001BBA4E /* KANAudioPlayer.m */ = {isa = PBXFileReference; fileEncoding = 4; lastKnownFileType = sourcecode.c.objc; path = KANAudioPlayer.m; sourceTree = "<group>"; };
		83ED872F17AC68C1001BBA4E /* KANPlaylistModalViewController.h */ = {isa = PBXFileReference; fileEncoding = 4; lastKnownFileType = sourcecode.c.h; path = KANPlaylistModalViewController.h; sourceTree = "<group>"; };
		83ED873017AC68C1001BBA4E /* KANPlaylistModalViewController.m */ = {isa = PBXFileReference; fileEncoding = 4; lastKnownFileType = sourcecode.c.objc; path = KANPlaylistModalViewController.m; sourceTree = "<group>"; };
		83ED873217ACDE86001BBA4E /* Reveal.framework */ = {isa = PBXFileReference; lastKnownFileType = wrapper.framework; path = Reveal.framework; sourceTree = "<group>"; };
		83ED873417ACDEAB001BBA4E /* CFNetwork.framework */ = {isa = PBXFileReference; lastKnownFileType = wrapper.framework; name = CFNetwork.framework; path = System/Library/Frameworks/CFNetwork.framework; sourceTree = SDKROOT; };
		83ED873617ACDEB0001BBA4E /* QuartzCore.framework */ = {isa = PBXFileReference; lastKnownFileType = wrapper.framework; name = QuartzCore.framework; path = System/Library/Frameworks/QuartzCore.framework; sourceTree = SDKROOT; };
		83FB7B7217911081003E56F8 /* CJStringNormalization.h */ = {isa = PBXFileReference; fileEncoding = 4; lastKnownFileType = sourcecode.c.h; name = CJStringNormalization.h; path = "../../cjutils-objc/CJUtils/CJStringNormalization.h"; sourceTree = "<group>"; };
		83FB7B7317911081003E56F8 /* CJStringNormalization.m */ = {isa = PBXFileReference; fileEncoding = 4; lastKnownFileType = sourcecode.c.objc; name = CJStringNormalization.m; path = "../../cjutils-objc/CJUtils/CJStringNormalization.m"; sourceTree = "<group>"; };
		83FB7B7417911081003E56F8 /* NSArray+CJExtensions.h */ = {isa = PBXFileReference; fileEncoding = 4; lastKnownFileType = sourcecode.c.h; name = "NSArray+CJExtensions.h"; path = "../../cjutils-objc/CJUtils/NSArray+CJExtensions.h"; sourceTree = "<group>"; };
		83FB7B7517911081003E56F8 /* NSArray+CJExtensions.m */ = {isa = PBXFileReference; fileEncoding = 4; lastKnownFileType = sourcecode.c.objc; name = "NSArray+CJExtensions.m"; path = "../../cjutils-objc/CJUtils/NSArray+CJExtensions.m"; sourceTree = "<group>"; };
		83FB7B7617911081003E56F8 /* NSDateFormatter+CJExtensions.h */ = {isa = PBXFileReference; fileEncoding = 4; lastKnownFileType = sourcecode.c.h; name = "NSDateFormatter+CJExtensions.h"; path = "../../cjutils-objc/CJUtils/NSDateFormatter+CJExtensions.h"; sourceTree = "<group>"; };
		83FB7B7717911081003E56F8 /* NSDateFormatter+CJExtensions.m */ = {isa = PBXFileReference; fileEncoding = 4; lastKnownFileType = sourcecode.c.objc; name = "NSDateFormatter+CJExtensions.m"; path = "../../cjutils-objc/CJUtils/NSDateFormatter+CJExtensions.m"; sourceTree = "<group>"; };
		83FB7B7817911081003E56F8 /* NSMutableArray+CJExtensions.h */ = {isa = PBXFileReference; fileEncoding = 4; lastKnownFileType = sourcecode.c.h; name = "NSMutableArray+CJExtensions.h"; path = "../../cjutils-objc/CJUtils/NSMutableArray+CJExtensions.h"; sourceTree = "<group>"; };
		83FB7B7917911081003E56F8 /* NSMutableArray+CJExtensions.m */ = {isa = PBXFileReference; fileEncoding = 4; lastKnownFileType = sourcecode.c.objc; name = "NSMutableArray+CJExtensions.m"; path = "../../cjutils-objc/CJUtils/NSMutableArray+CJExtensions.m"; sourceTree = "<group>"; };
/* End PBXFileReference section */

/* Begin PBXFrameworksBuildPhase section */
		834302E81789F13F006EC1A6 /* Frameworks */ = {
			isa = PBXFrameworksBuildPhase;
			buildActionMask = 2147483647;
			files = (
				83ED873717ACDEB0001BBA4E /* QuartzCore.framework in Frameworks */,
				83ED873517ACDEAB001BBA4E /* CFNetwork.framework in Frameworks */,
				8361467017A30FA700984C26 /* SystemConfiguration.framework in Frameworks */,
				83E44D89178A0D7A00CB37C1 /* CoreData.framework in Frameworks */,
				834302F11789F13F006EC1A6 /* CoreGraphics.framework in Frameworks */,
				834302F31789F13F006EC1A6 /* UIKit.framework in Frameworks */,
				834302EF1789F13F006EC1A6 /* Foundation.framework in Frameworks */,
				83ED873317ACDE9E001BBA4E /* Reveal.framework in Frameworks */,
			);
			runOnlyForDeploymentPostprocessing = 0;
		};
		834303091789F13F006EC1A6 /* Frameworks */ = {
			isa = PBXFrameworksBuildPhase;
			buildActionMask = 2147483647;
			files = (
				8343030E1789F13F006EC1A6 /* XCTest.framework in Frameworks */,
				834303101789F13F006EC1A6 /* UIKit.framework in Frameworks */,
				8343030F1789F13F006EC1A6 /* Foundation.framework in Frameworks */,
			);
			runOnlyForDeploymentPostprocessing = 0;
		};
/* End PBXFrameworksBuildPhase section */

/* Begin PBXGroup section */
		833FF15D178CB6420071195F /* CJUtils */ = {
			isa = PBXGroup;
			children = (
				83C1D86917C00F110078F75A /* UIImage+CJExtensions.h */,
				83C1D86A17C00F110078F75A /* UIImage+CJExtensions.m */,
				83617EBD17A2F70100BCC3C2 /* UIColor+CJExtensions.h */,
				83617EBE17A2F70100BCC3C2 /* UIColor+CJExtensions.m */,
				833FF15E178CB6420071195F /* CJLog.h */,
				833FF15F178CB6420071195F /* CJUtils-Prefix.pch */,
				833FF160178CB6420071195F /* NSDictionary+CJExtensions.h */,
				83FB7B7217911081003E56F8 /* CJStringNormalization.h */,
				83FB7B7317911081003E56F8 /* CJStringNormalization.m */,
				83FB7B7417911081003E56F8 /* NSArray+CJExtensions.h */,
				83FB7B7517911081003E56F8 /* NSArray+CJExtensions.m */,
				83FB7B7617911081003E56F8 /* NSDateFormatter+CJExtensions.h */,
				83FB7B7717911081003E56F8 /* NSDateFormatter+CJExtensions.m */,
				83FB7B7817911081003E56F8 /* NSMutableArray+CJExtensions.h */,
				83FB7B7917911081003E56F8 /* NSMutableArray+CJExtensions.m */,
				833FF161178CB6420071195F /* NSDictionary+CJExtensions.m */,
			);
			name = CJUtils;
			path = "../CJUtils-ObjC/CJUtils";
			sourceTree = "<group>";
		};
		834302E21789F13F006EC1A6 = {
			isa = PBXGroup;
			children = (
				834302F41789F13F006EC1A6 /* Kanihi */,
				834303131789F13F006EC1A6 /* KanihiTests */,
				834302ED1789F13F006EC1A6 /* Frameworks */,
				834302EC1789F13F006EC1A6 /* Products */,
				83433362178BC04700CC985D /* Vendor */,
			);
			sourceTree = "<group>";
		};
		834302EC1789F13F006EC1A6 /* Products */ = {
			isa = PBXGroup;
			children = (
				834302EB1789F13F006EC1A6 /* Kanihi.app */,
				8343030C1789F13F006EC1A6 /* KanihiTests.xctest */,
			);
			name = Products;
			sourceTree = "<group>";
		};
		834302ED1789F13F006EC1A6 /* Frameworks */ = {
			isa = PBXGroup;
			children = (
				83ED873617ACDEB0001BBA4E /* QuartzCore.framework */,
				83ED873417ACDEAB001BBA4E /* CFNetwork.framework */,
				83ED873217ACDE86001BBA4E /* Reveal.framework */,
				8361466F17A30FA700984C26 /* SystemConfiguration.framework */,
				83E44D88178A0D7A00CB37C1 /* CoreData.framework */,
				834302EE1789F13F006EC1A6 /* Foundation.framework */,
				834302F01789F13F006EC1A6 /* CoreGraphics.framework */,
				834302F21789F13F006EC1A6 /* UIKit.framework */,
				8343030D1789F13F006EC1A6 /* XCTest.framework */,
			);
			name = Frameworks;
			sourceTree = "<group>";
		};
		834302F41789F13F006EC1A6 /* Kanihi */ = {
			isa = PBXGroup;
			children = (
				83ED872117AC4606001BBA4E /* KANAudioPlayer.h */,
				83ED872217AC4606001BBA4E /* KANAudioPlayer.m */,
				833E568B17A1AF2400E9CE9B /* KANArtworkStore.h */,
				833E568C17A1AF2400E9CE9B /* KANArtworkStore.m */,
				833E568F17A1CAA800E9CE9B /* KANAPI.h */,
				833E569017A1CAA800E9CE9B /* KANAPI.m */,
				835B00311791C22700E07A71 /* KANUtils.h */,
				835B00321791C22700E07A71 /* KANUtils.m */,
				83433384178BE1D400CC985D /* KANConstants.h */,
				83433385178BE1D400CC985D /* KANConstants.m */,
				834302FD1789F13F006EC1A6 /* KANAppDelegate.h */,
				834302FE1789F13F006EC1A6 /* KANAppDelegate.m */,
				834303261789F900006EC1A6 /* Models */,
				835B00351791C78900E07A71 /* Views */,
				83ED872017AC3FFA001BBA4E /* Controllers */,
				834303061789F13F006EC1A6 /* Images.xcassets */,
				834303001789F13F006EC1A6 /* Main.storyboard */,
				834302F51789F13F006EC1A6 /* Supporting Files */,
			);
			path = Kanihi;
			sourceTree = "<group>";
		};
		834302F51789F13F006EC1A6 /* Supporting Files */ = {
			isa = PBXGroup;
			children = (
				834302F61789F13F006EC1A6 /* Kanihi-Info.plist */,
				834302F71789F13F006EC1A6 /* InfoPlist.strings */,
				834302FA1789F13F006EC1A6 /* main.m */,
				834302FC1789F13F006EC1A6 /* Kanihi-Prefix.pch */,
			);
			name = "Supporting Files";
			sourceTree = "<group>";
		};
		834303131789F13F006EC1A6 /* KanihiTests */ = {
			isa = PBXGroup;
			children = (
				834303191789F13F006EC1A6 /* KanihiTests.m */,
				834303141789F13F006EC1A6 /* Supporting Files */,
			);
			path = KanihiTests;
			sourceTree = "<group>";
		};
		834303141789F13F006EC1A6 /* Supporting Files */ = {
			isa = PBXGroup;
			children = (
				83ED871D17AB4545001BBA4E /* tracks1.json */,
				834303151789F13F006EC1A6 /* KanihiTests-Info.plist */,
				834303161789F13F006EC1A6 /* InfoPlist.strings */,
			);
			name = "Supporting Files";
			sourceTree = "<group>";
		};
		834303261789F900006EC1A6 /* Models */ = {
			isa = PBXGroup;
			children = (
				835153A917A87C520088F692 /* KANAudioStore.h */,
				835153AA17A87C520088F692 /* KANAudioStore.m */,
				834303231789F183006EC1A6 /* Model.xcdatamodeld */,
				83A28225179CC15C008D0686 /* KANArtwork.h */,
				83A28226179CC15C008D0686 /* KANArtwork.m */,
				83E44D8A178A15A000CB37C1 /* KANEntity.h */,
				83E44D8B178A15A000CB37C1 /* KANEntity.m */,
				83E44D8E178A1CD100CB37C1 /* KANUniqueEntity.h */,
				83E44D9B178A7D8900CB37C1 /* KANUniqueEntity.m */,
				83433374178BC91400CC985D /* KANAlbumArtist.h */,
				83433375178BC91400CC985D /* KANAlbumArtist.m */,
				83433380178BD27800CC985D /* KANGenre.h */,
				83433381178BD27800CC985D /* KANGenre.m */,
				8343337C178BCD0600CC985D /* KANDisc.h */,
				8343337D178BCD0600CC985D /* KANDisc.m */,
				83433378178BCAB400CC985D /* KANAlbum.h */,
				83433379178BCAB400CC985D /* KANAlbum.m */,
				8343331F178BAF8900CC985D /* KANTrackArtist.h */,
				83433320178BAF8900CC985D /* KANTrackArtist.m */,
				83E44D8C178A177700CB37C1 /* KANTrack.h */,
				83E44D8D178A177700CB37C1 /* KANTrack.m */,
				834303271789F953006EC1A6 /* KANDataStore.h */,
				834303281789F953006EC1A6 /* KANDataStore.m */,
				83E3DD2417C2BAB5008884D9 /* KANPlaylistDataSource.h */,
				83E3DD2517C2BAB5008884D9 /* KANPlaylistDataSource.m */,
			);
			name = Models;
			sourceTree = "<group>";
		};
		83433362178BC04700CC985D /* Vendor */ = {
			isa = PBXGroup;
			children = (
				83C1D86617C002180078F75A /* AMBlurView.h */,
				83C1D86717C002180078F75A /* AMBlurView.m */,
				83ED872517AC607C001BBA4E /* CJAudioPlayer */,
				835153AD17A886180088F692 /* AudioPlayer */,
				83A281FA179C9BD9008D0686 /* AFNetworking */,
				83A2820E179C9BD9008D0686 /* Base64 */,
				833FF15D178CB6420071195F /* CJUtils */,
			);
			name = Vendor;
			sourceTree = "<group>";
		};
		835153AD17A886180088F692 /* AudioPlayer */ = {
			isa = PBXGroup;
			children = (
				835153AE17A886180088F692 /* AudioPlayer.h */,
				835153AF17A886180088F692 /* AudioPlayer.m */,
				835153B017A886180088F692 /* AutoRecoveringHttpDataSource.h */,
				835153B117A886180088F692 /* AutoRecoveringHttpDataSource.m */,
				835153B217A886180088F692 /* CoreFoundationDataSource.h */,
				835153B317A886180088F692 /* CoreFoundationDataSource.m */,
				835153B417A886180088F692 /* DataSource.h */,
				835153B517A886180088F692 /* DataSource.m */,
				835153B617A886180088F692 /* DataSourceWrapper.h */,
				835153B717A886180088F692 /* DataSourceWrapper.m */,
				835153B817A886180088F692 /* HttpDataSource.h */,
				835153B917A886180088F692 /* HttpDataSource.m */,
				835153BA17A886180088F692 /* LocalFileDataSource.h */,
				835153BB17A886180088F692 /* LocalFileDataSource.m */,
			);
			name = AudioPlayer;
			path = Vendor/Audjustable/Audjustable/Classes/AudioPlayer;
			sourceTree = SOURCE_ROOT;
		};
		835B00351791C78900E07A71 /* Views */ = {
			isa = PBXGroup;
			children = (
				83A4D874179BB8AD008597E0 /* KANLabelContainerView.h */,
				83A4D875179BB8AD008597E0 /* KANLabelContainerView.m */,
				836782D2179A4F5000348B6B /* KANAlbumTrackListingTableView.h */,
				836782D3179A4F5000348B6B /* KANAlbumTrackListingTableView.m */,
				836782CA179A477600348B6B /* KANAlbumTrackListingCell.h */,
				836782CB179A477600348B6B /* KANAlbumTrackListingCell.m */,
				83A4D847179B167E008597E0 /* KANTableViewCell.xib */,
				83A4D84A179B17A8008597E0 /* KANTableViewCell.h */,
				83A4D84B179B17A8008597E0 /* KANTableViewCell.m */,
				83C7F23D17C134E60095F1BB /* KANPlaylistTableViewCell.xib */,
				83C7F23A17C1312F0095F1BB /* KANPlaylistTableViewCell.h */,
				83C7F23B17C1312F0095F1BB /* KANPlaylistTableViewCell.m */,
				836782B11799FAF100348B6B /* KANMainMenuViewCell.h */,
				836782B21799FAF100348B6B /* KANMainMenuViewCell.m */,
			);
			name = Views;
			sourceTree = "<group>";
		};
		83A281FA179C9BD9008D0686 /* AFNetworking */ = {
			isa = PBXGroup;
			children = (
				83A281FB179C9BD9008D0686 /* AFHTTPClient.h */,
				83A281FC179C9BD9008D0686 /* AFHTTPClient.m */,
				83A281FD179C9BD9008D0686 /* AFHTTPRequestOperation.h */,
				83A281FE179C9BD9008D0686 /* AFHTTPRequestOperation.m */,
				83A281FF179C9BD9008D0686 /* AFImageRequestOperation.h */,
				83A28200179C9BD9008D0686 /* AFImageRequestOperation.m */,
				83A28201179C9BD9008D0686 /* AFJSONRequestOperation.h */,
				83A28202179C9BD9008D0686 /* AFJSONRequestOperation.m */,
				83A28203179C9BD9008D0686 /* AFNetworkActivityIndicatorManager.h */,
				83A28204179C9BD9008D0686 /* AFNetworkActivityIndicatorManager.m */,
				83A28205179C9BD9008D0686 /* AFNetworking.h */,
				83A28206179C9BD9008D0686 /* AFPropertyListRequestOperation.h */,
				83A28207179C9BD9008D0686 /* AFPropertyListRequestOperation.m */,
				83A28208179C9BD9008D0686 /* AFURLConnectionOperation.h */,
				83A28209179C9BD9008D0686 /* AFURLConnectionOperation.m */,
				83A2820A179C9BD9008D0686 /* AFXMLRequestOperation.h */,
				83A2820B179C9BD9008D0686 /* AFXMLRequestOperation.m */,
				83A2820C179C9BD9008D0686 /* UIImageView+AFNetworking.h */,
				83A2820D179C9BD9008D0686 /* UIImageView+AFNetworking.m */,
			);
			name = AFNetworking;
			path = Vendor/AFNetworking/AFNetworking;
			sourceTree = "<group>";
		};
		83A2820E179C9BD9008D0686 /* Base64 */ = {
			isa = PBXGroup;
			children = (
				83A2820F179C9BD9008D0686 /* Base64.h */,
				83A28210179C9BD9008D0686 /* Base64.m */,
			);
			name = Base64;
			path = Vendor/Base64/Base64;
			sourceTree = "<group>";
		};
		83ED872017AC3FFA001BBA4E /* Controllers */ = {
			isa = PBXGroup;
			children = (
				83ED872F17AC68C1001BBA4E /* KANPlaylistModalViewController.h */,
				83ED873017AC68C1001BBA4E /* KANPlaylistModalViewController.m */,
				835153A517A879AA0088F692 /* KANAudioPlayerViewController.h */,
				835153A617A879AA0088F692 /* KANAudioPlayerViewController.m */,
				8394388517A4534E007B73B1 /* KANTrackTableViewController.h */,
				8394388617A4534E007B73B1 /* KANTrackTableViewController.m */,
				8361466B17A2F91500984C26 /* KANWelcomeViewController.h */,
				8361466C17A2F91500984C26 /* KANWelcomeViewController.m */,
				836782C6179A268F00348B6B /* KANAlbumTrackListingViewController.h */,
				836782C7179A268F00348B6B /* KANAlbumTrackListingViewController.m */,
				836782AD1799F89300348B6B /* KANMainMenuViewController.h */,
				836782AE1799F89300348B6B /* KANMainMenuViewController.m */,
				836782A51799DC7E00348B6B /* KANGenreTableViewController.h */,
				836782A61799DC7E00348B6B /* KANGenreTableViewController.m */,
				836782A91799E0D500348B6B /* KANNavigationController.h */,
				836782AA1799E0D500348B6B /* KANNavigationController.m */,
				83E31D00179640E200A6EAF7 /* KANAlbumTableViewController.h */,
				83E31D01179640E200A6EAF7 /* KANAlbumTableViewController.m */,
				835B00361791C7E900E07A71 /* KANBaseTableViewController.h */,
				835B00371791C7E900E07A71 /* KANBaseTableViewController.m */,
				83E31CFC179632AF00A6EAF7 /* KANAlbumArtistsTableViewController.h */,
				83E31CFD179632AF00A6EAF7 /* KANAlbumArtistsTableViewController.m */,
			);
			name = Controllers;
			sourceTree = "<group>";
		};
		83ED872517AC607C001BBA4E /* CJAudioPlayer */ = {
			isa = PBXGroup;
			children = (
				83A810EA17BC1BF900BC0C65 /* CJAudioPlayer.h */,
				83A810EB17BC1BF900BC0C65 /* CJAudioPlayer.m */,
				83A810EC17BC1BF900BC0C65 /* CJHTTPCachedDataSource.h */,
				83A810ED17BC1BF900BC0C65 /* CJHTTPCachedDataSource.m */,
			);
			name = CJAudioPlayer;
			path = ../CJAudioPlayer;
			sourceTree = "<group>";
		};
/* End PBXGroup section */

/* Begin PBXNativeTarget section */
		834302EA1789F13F006EC1A6 /* Kanihi */ = {
			isa = PBXNativeTarget;
			buildConfigurationList = 8343031D1789F13F006EC1A6 /* Build configuration list for PBXNativeTarget "Kanihi" */;
			buildPhases = (
				834302E71789F13F006EC1A6 /* Sources */,
				834302E81789F13F006EC1A6 /* Frameworks */,
				834302E91789F13F006EC1A6 /* Resources */,
			);
			buildRules = (
			);
			dependencies = (
			);
			name = Kanihi;
			productName = Kanihi;
			productReference = 834302EB1789F13F006EC1A6 /* Kanihi.app */;
			productType = "com.apple.product-type.application";
		};
		8343030B1789F13F006EC1A6 /* KanihiTests */ = {
			isa = PBXNativeTarget;
			buildConfigurationList = 834303201789F13F006EC1A6 /* Build configuration list for PBXNativeTarget "KanihiTests" */;
			buildPhases = (
				834303081789F13F006EC1A6 /* Sources */,
				834303091789F13F006EC1A6 /* Frameworks */,
				8343030A1789F13F006EC1A6 /* Resources */,
			);
			buildRules = (
			);
			dependencies = (
				834303121789F13F006EC1A6 /* PBXTargetDependency */,
			);
			name = KanihiTests;
			productName = KanihiTests;
			productReference = 8343030C1789F13F006EC1A6 /* KanihiTests.xctest */;
			productType = "com.apple.product-type.bundle.unit-test";
		};
/* End PBXNativeTarget section */

/* Begin PBXProject section */
		834302E31789F13F006EC1A6 /* Project object */ = {
			isa = PBXProject;
			attributes = {
				CLASSPREFIX = KAN;
				LastUpgradeCheck = 0500;
				ORGANIZATIONNAME = "Chris Lucas";
				TargetAttributes = {
					834302EA1789F13F006EC1A6 = {
						DevelopmentTeam = 4HV5RKTAF4;
					};
					8343030B1789F13F006EC1A6 = {
						TestTargetID = 834302EA1789F13F006EC1A6;
					};
				};
			};
			buildConfigurationList = 834302E61789F13F006EC1A6 /* Build configuration list for PBXProject "Kanihi" */;
			compatibilityVersion = "Xcode 3.2";
			developmentRegion = English;
			hasScannedForEncodings = 0;
			knownRegions = (
				en,
				Base,
			);
			mainGroup = 834302E21789F13F006EC1A6;
			productRefGroup = 834302EC1789F13F006EC1A6 /* Products */;
			projectDirPath = "";
			projectRoot = "";
			targets = (
				834302EA1789F13F006EC1A6 /* Kanihi */,
				8343030B1789F13F006EC1A6 /* KanihiTests */,
			);
		};
/* End PBXProject section */

/* Begin PBXResourcesBuildPhase section */
		834302E91789F13F006EC1A6 /* Resources */ = {
			isa = PBXResourcesBuildPhase;
			buildActionMask = 2147483647;
			files = (
				83C7F23E17C134E60095F1BB /* KANPlaylistTableViewCell.xib in Resources */,
				83A4D848179B167E008597E0 /* KANTableViewCell.xib in Resources */,
				834303071789F13F006EC1A6 /* Images.xcassets in Resources */,
				834302F91789F13F006EC1A6 /* InfoPlist.strings in Resources */,
				834303021789F13F006EC1A6 /* Main.storyboard in Resources */,
			);
			runOnlyForDeploymentPostprocessing = 0;
		};
		8343030A1789F13F006EC1A6 /* Resources */ = {
			isa = PBXResourcesBuildPhase;
			buildActionMask = 2147483647;
			files = (
				83A4D849179B167E008597E0 /* KANTableViewCell.xib in Resources */,
				834303181789F13F006EC1A6 /* InfoPlist.strings in Resources */,
				83ED871E17AB4545001BBA4E /* tracks1.json in Resources */,
			);
			runOnlyForDeploymentPostprocessing = 0;
		};
/* End PBXResourcesBuildPhase section */

/* Begin PBXSourcesBuildPhase section */
		834302E71789F13F006EC1A6 /* Sources */ = {
			isa = PBXSourcesBuildPhase;
			buildActionMask = 2147483647;
			files = (
				83A28213179C9BD9008D0686 /* AFHTTPRequestOperation.m in Sources */,
				835153A717A879AA0088F692 /* KANAudioPlayerViewController.m in Sources */,
				83433386178BE1D400CC985D /* KANConstants.m in Sources */,
				83A28215179C9BD9008D0686 /* AFImageRequestOperation.m in Sources */,
				833FF162178CB6420071195F /* NSDictionary+CJExtensions.m in Sources */,
				83E44D90178A206400CB37C1 /* KANEntity.m in Sources */,
				835153AB17A87C520088F692 /* KANAudioStore.m in Sources */,
				83E44D8F178A204800CB37C1 /* KANTrack.m in Sources */,
				83ED872317AC4606001BBA4E /* KANAudioPlayer.m in Sources */,
				83FB7B7E17911081003E56F8 /* NSDateFormatter+CJExtensions.m in Sources */,
				83A28211179C9BD9008D0686 /* AFHTTPClient.m in Sources */,
				83E44D9C178A7D8900CB37C1 /* KANUniqueEntity.m in Sources */,
				83A28227179CC15C008D0686 /* KANArtwork.m in Sources */,
				83C1D86B17C00F110078F75A /* UIImage+CJExtensions.m in Sources */,
				83C1D86817C002180078F75A /* AMBlurView.m in Sources */,
				8343337E178BCD0600CC985D /* KANDisc.m in Sources */,
				83ED873117AC68C1001BBA4E /* KANPlaylistModalViewController.m in Sources */,
				83A4D876179BB8AD008597E0 /* KANLabelContainerView.m in Sources */,
				83433382178BD27800CC985D /* KANGenre.m in Sources */,
				836782A71799DC7E00348B6B /* KANGenreTableViewController.m in Sources */,
				83A4D84C179B17A8008597E0 /* KANTableViewCell.m in Sources */,
				83433376178BC91400CC985D /* KANAlbumArtist.m in Sources */,
				836782AF1799F89300348B6B /* KANMainMenuViewController.m in Sources */,
				833E569117A1CAA800E9CE9B /* KANAPI.m in Sources */,
				834302FB1789F13F006EC1A6 /* main.m in Sources */,
				83A2821B179C9BD9008D0686 /* AFPropertyListRequestOperation.m in Sources */,
				83A2821D179C9BD9008D0686 /* AFURLConnectionOperation.m in Sources */,
				836782CC179A477600348B6B /* KANAlbumTrackListingCell.m in Sources */,
				835B00381791C7E900E07A71 /* KANBaseTableViewController.m in Sources */,
				83A28221179C9BD9008D0686 /* UIImageView+AFNetworking.m in Sources */,
				835153C017A886180088F692 /* DataSourceWrapper.m in Sources */,
				83A28217179C9BD9008D0686 /* AFJSONRequestOperation.m in Sources */,
				835153C117A886180088F692 /* HttpDataSource.m in Sources */,
				835153BC17A886180088F692 /* AudioPlayer.m in Sources */,
				835153C217A886180088F692 /* LocalFileDataSource.m in Sources */,
				833E568D17A1AF2400E9CE9B /* KANArtworkStore.m in Sources */,
				83C7F23C17C1312F0095F1BB /* KANPlaylistTableViewCell.m in Sources */,
				836782B31799FAF100348B6B /* KANMainMenuViewCell.m in Sources */,
				835153BF17A886180088F692 /* DataSource.m in Sources */,
				835B00331791C22700E07A71 /* KANUtils.m in Sources */,
				83433321178BAF8900CC985D /* KANTrackArtist.m in Sources */,
				83FB7B7A17911081003E56F8 /* CJStringNormalization.m in Sources */,
				8343337A178BCAB400CC985D /* KANAlbum.m in Sources */,
				834303291789F953006EC1A6 /* KANDataStore.m in Sources */,
				83A28223179C9BD9008D0686 /* Base64.m in Sources */,
				83E31D02179640E200A6EAF7 /* KANAlbumTableViewController.m in Sources */,
				83A810F117BC1BF900BC0C65 /* CJHTTPCachedDataSource.m in Sources */,
				835153BD17A886180088F692 /* AutoRecoveringHttpDataSource.m in Sources */,
				834302FF1789F13F006EC1A6 /* KANAppDelegate.m in Sources */,
				83A810F017BC1BF900BC0C65 /* CJAudioPlayer.m in Sources */,
				836782D4179A4F5000348B6B /* KANAlbumTrackListingTableView.m in Sources */,
				83A2821F179C9BD9008D0686 /* AFXMLRequestOperation.m in Sources */,
				834303251789F183006EC1A6 /* Model.xcdatamodeld in Sources */,
				83FB7B7C17911081003E56F8 /* NSArray+CJExtensions.m in Sources */,
				83FB7B8017911081003E56F8 /* NSMutableArray+CJExtensions.m in Sources */,
				835153BE17A886180088F692 /* CoreFoundationDataSource.m in Sources */,
				83617EBF17A2F70100BCC3C2 /* UIColor+CJExtensions.m in Sources */,
				83A28219179C9BD9008D0686 /* AFNetworkActivityIndicatorManager.m in Sources */,
				8394388717A4534E007B73B1 /* KANTrackTableViewController.m in Sources */,
				836782AB1799E0D500348B6B /* KANNavigationController.m in Sources */,
				83E3DD2617C2BAB5008884D9 /* KANPlaylistDataSource.m in Sources */,
				836782C8179A268F00348B6B /* KANAlbumTrackListingViewController.m in Sources */,
				8361466D17A2F91500984C26 /* KANWelcomeViewController.m in Sources */,
				83E31CFE179632AF00A6EAF7 /* KANAlbumArtistsTableViewController.m in Sources */,
			);
			runOnlyForDeploymentPostprocessing = 0;
		};
		834303081789F13F006EC1A6 /* Sources */ = {
			isa = PBXSourcesBuildPhase;
			buildActionMask = 2147483647;
			files = (
				83ED871F17AB4968001BBA4E /* KANConstants.m in Sources */,
				83ED871C17AB4408001BBA4E /* KanihiTests.m in Sources */,
				83ED871B17AB43EB001BBA4E /* KANDataStore.m in Sources */,
			);
			runOnlyForDeploymentPostprocessing = 0;
		};
/* End PBXSourcesBuildPhase section */

/* Begin PBXTargetDependency section */
		834303121789F13F006EC1A6 /* PBXTargetDependency */ = {
			isa = PBXTargetDependency;
			target = 834302EA1789F13F006EC1A6 /* Kanihi */;
			targetProxy = 834303111789F13F006EC1A6 /* PBXContainerItemProxy */;
		};
/* End PBXTargetDependency section */

/* Begin PBXVariantGroup section */
		834302F71789F13F006EC1A6 /* InfoPlist.strings */ = {
			isa = PBXVariantGroup;
			children = (
				834302F81789F13F006EC1A6 /* en */,
			);
			name = InfoPlist.strings;
			sourceTree = "<group>";
		};
		834303001789F13F006EC1A6 /* Main.storyboard */ = {
			isa = PBXVariantGroup;
			children = (
				834303011789F13F006EC1A6 /* Base */,
			);
			name = Main.storyboard;
			sourceTree = "<group>";
		};
		834303161789F13F006EC1A6 /* InfoPlist.strings */ = {
			isa = PBXVariantGroup;
			children = (
				834303171789F13F006EC1A6 /* en */,
			);
			name = InfoPlist.strings;
			sourceTree = "<group>";
		};
/* End PBXVariantGroup section */

/* Begin XCBuildConfiguration section */
		8343031B1789F13F006EC1A6 /* Debug */ = {
			isa = XCBuildConfiguration;
			buildSettings = {
				ALWAYS_SEARCH_USER_PATHS = NO;
				CLANG_CXX_LANGUAGE_STANDARD = "gnu++0x";
				CLANG_CXX_LIBRARY = "libc++";
				CLANG_ENABLE_MODULES = YES;
				CLANG_ENABLE_OBJC_ARC = YES;
				CLANG_WARN_BOOL_CONVERSION = YES;
				CLANG_WARN_CONSTANT_CONVERSION = YES;
				CLANG_WARN_DIRECT_OBJC_ISA_USAGE = YES_ERROR;
				CLANG_WARN_EMPTY_BODY = YES;
				CLANG_WARN_ENUM_CONVERSION = YES;
				CLANG_WARN_INT_CONVERSION = YES;
				CLANG_WARN_OBJC_ROOT_CLASS = YES_ERROR;
				CLANG_WARN__DUPLICATE_METHOD_MATCH = YES;
				CODE_SIGN_IDENTITY = "";
				"CODE_SIGN_IDENTITY[sdk=iphoneos*]" = "";
				COPY_PHASE_STRIP = NO;
				GCC_C_LANGUAGE_STANDARD = gnu99;
				GCC_DYNAMIC_NO_PIC = NO;
				GCC_OPTIMIZATION_LEVEL = 0;
				GCC_PREPROCESSOR_DEFINITIONS = (
					"DEBUG=1",
					"$(inherited)",
				);
				GCC_SYMBOLS_PRIVATE_EXTERN = NO;
				GCC_WARN_ABOUT_RETURN_TYPE = YES_ERROR;
				GCC_WARN_UNDECLARED_SELECTOR = YES;
				GCC_WARN_UNINITIALIZED_AUTOS = YES;
				GCC_WARN_UNUSED_FUNCTION = YES;
				GCC_WARN_UNUSED_VARIABLE = YES;
				IPHONEOS_DEPLOYMENT_TARGET = 7.0;
				ONLY_ACTIVE_ARCH = YES;
				OTHER_LDFLAGS = "-ObjC";
				PROVISIONING_PROFILE = "8B1ACD99-C3DF-45A4-BE5F-4E85CC494CF2";
				SDKROOT = iphoneos;
			};
			name = Debug;
		};
		8343031C1789F13F006EC1A6 /* Release */ = {
			isa = XCBuildConfiguration;
			buildSettings = {
				ALWAYS_SEARCH_USER_PATHS = NO;
				CLANG_CXX_LANGUAGE_STANDARD = "gnu++0x";
				CLANG_CXX_LIBRARY = "libc++";
				CLANG_ENABLE_MODULES = YES;
				CLANG_ENABLE_OBJC_ARC = YES;
				CLANG_WARN_BOOL_CONVERSION = YES;
				CLANG_WARN_CONSTANT_CONVERSION = YES;
				CLANG_WARN_DIRECT_OBJC_ISA_USAGE = YES_ERROR;
				CLANG_WARN_EMPTY_BODY = YES;
				CLANG_WARN_ENUM_CONVERSION = YES;
				CLANG_WARN_INT_CONVERSION = YES;
				CLANG_WARN_OBJC_ROOT_CLASS = YES_ERROR;
				CLANG_WARN__DUPLICATE_METHOD_MATCH = YES;
				CODE_SIGN_IDENTITY = "";
				"CODE_SIGN_IDENTITY[sdk=iphoneos*]" = "";
				COPY_PHASE_STRIP = YES;
				ENABLE_NS_ASSERTIONS = NO;
				GCC_C_LANGUAGE_STANDARD = gnu99;
				GCC_WARN_ABOUT_RETURN_TYPE = YES_ERROR;
				GCC_WARN_UNDECLARED_SELECTOR = YES;
				GCC_WARN_UNINITIALIZED_AUTOS = YES;
				GCC_WARN_UNUSED_FUNCTION = YES;
				GCC_WARN_UNUSED_VARIABLE = YES;
				IPHONEOS_DEPLOYMENT_TARGET = 7.0;
				OTHER_LDFLAGS = "-ObjC";
				PROVISIONING_PROFILE = "8B1ACD99-C3DF-45A4-BE5F-4E85CC494CF2";
				SDKROOT = iphoneos;
				VALIDATE_PRODUCT = YES;
			};
			name = Release;
		};
		8343031E1789F13F006EC1A6 /* Debug */ = {
			isa = XCBuildConfiguration;
			buildSettings = {
				ASSETCATALOG_COMPILER_APPICON_NAME = AppIcon;
				ASSETCATALOG_COMPILER_LAUNCHIMAGE_NAME = LaunchImage;
				CODE_SIGN_IDENTITY = "";
				"CODE_SIGN_IDENTITY[sdk=iphoneos*]" = "";
				FRAMEWORK_SEARCH_PATHS = (
					"$(inherited)",
					"/Users/chris/repos/kanihi-client-ios",
				);
				GCC_PRECOMPILE_PREFIX_HEADER = YES;
				GCC_PREFIX_HEADER = "Kanihi/Kanihi-Prefix.pch";
				INFOPLIST_FILE = "Kanihi/Kanihi-Info.plist";
				ONLY_ACTIVE_ARCH = YES;
				PRODUCT_NAME = "$(TARGET_NAME)";
				PROVISIONING_PROFILE = "8B1ACD99-C3DF-45A4-BE5F-4E85CC494CF2";
				WRAPPER_EXTENSION = app;
			};
			name = Debug;
		};
		8343031F1789F13F006EC1A6 /* Release */ = {
			isa = XCBuildConfiguration;
			buildSettings = {
				ASSETCATALOG_COMPILER_APPICON_NAME = AppIcon;
				ASSETCATALOG_COMPILER_LAUNCHIMAGE_NAME = LaunchImage;
				CODE_SIGN_IDENTITY = "";
				"CODE_SIGN_IDENTITY[sdk=iphoneos*]" = "";
				FRAMEWORK_SEARCH_PATHS = (
					"$(inherited)",
					"/Users/chris/repos/kanihi-client-ios",
				);
				GCC_PRECOMPILE_PREFIX_HEADER = YES;
				GCC_PREFIX_HEADER = "Kanihi/Kanihi-Prefix.pch";
				INFOPLIST_FILE = "Kanihi/Kanihi-Info.plist";
				ONLY_ACTIVE_ARCH = YES;
				PRODUCT_NAME = "$(TARGET_NAME)";
				PROVISIONING_PROFILE = "8B1ACD99-C3DF-45A4-BE5F-4E85CC494CF2";
				WRAPPER_EXTENSION = app;
			};
			name = Release;
		};
		834303211789F13F006EC1A6 /* Debug */ = {
			isa = XCBuildConfiguration;
			buildSettings = {
				BUNDLE_LOADER = "$(BUILT_PRODUCTS_DIR)/Kanihi.app/Kanihi";
				FRAMEWORK_SEARCH_PATHS = (
					"$(SDKROOT)/Developer/Library/Frameworks",
					"$(inherited)",
					"$(SYSTEM_APPS_DIR)/Xcode5-DP2.app/Contents/Developer/Library/Frameworks",
				);
				GCC_PRECOMPILE_PREFIX_HEADER = YES;
				GCC_PREFIX_HEADER = "Kanihi/Kanihi-Prefix.pch";
				GCC_PREPROCESSOR_DEFINITIONS = (
					"DEBUG=1",
					"$(inherited)",
				);
				INFOPLIST_FILE = "KanihiTests/KanihiTests-Info.plist";
				PRODUCT_NAME = "$(TARGET_NAME)";
				TEST_HOST = "$(BUNDLE_LOADER)";
				WRAPPER_EXTENSION = xctest;
			};
			name = Debug;
		};
		834303221789F13F006EC1A6 /* Release */ = {
			isa = XCBuildConfiguration;
			buildSettings = {
				BUNDLE_LOADER = "$(BUILT_PRODUCTS_DIR)/Kanihi.app/Kanihi";
				FRAMEWORK_SEARCH_PATHS = (
					"$(SDKROOT)/Developer/Library/Frameworks",
					"$(inherited)",
					"$(SYSTEM_APPS_DIR)/Xcode5-DP2.app/Contents/Developer/Library/Frameworks",
				);
				GCC_PRECOMPILE_PREFIX_HEADER = YES;
				GCC_PREFIX_HEADER = "Kanihi/Kanihi-Prefix.pch";
				INFOPLIST_FILE = "KanihiTests/KanihiTests-Info.plist";
				PRODUCT_NAME = "$(TARGET_NAME)";
				TEST_HOST = "$(BUNDLE_LOADER)";
				WRAPPER_EXTENSION = xctest;
			};
			name = Release;
		};
/* End XCBuildConfiguration section */

/* Begin XCConfigurationList section */
		834302E61789F13F006EC1A6 /* Build configuration list for PBXProject "Kanihi" */ = {
			isa = XCConfigurationList;
			buildConfigurations = (
				8343031B1789F13F006EC1A6 /* Debug */,
				8343031C1789F13F006EC1A6 /* Release */,
			);
			defaultConfigurationIsVisible = 0;
			defaultConfigurationName = Release;
		};
		8343031D1789F13F006EC1A6 /* Build configuration list for PBXNativeTarget "Kanihi" */ = {
			isa = XCConfigurationList;
			buildConfigurations = (
				8343031E1789F13F006EC1A6 /* Debug */,
				8343031F1789F13F006EC1A6 /* Release */,
			);
			defaultConfigurationIsVisible = 0;
			defaultConfigurationName = Release;
		};
		834303201789F13F006EC1A6 /* Build configuration list for PBXNativeTarget "KanihiTests" */ = {
			isa = XCConfigurationList;
			buildConfigurations = (
				834303211789F13F006EC1A6 /* Debug */,
				834303221789F13F006EC1A6 /* Release */,
			);
			defaultConfigurationIsVisible = 0;
			defaultConfigurationName = Release;
		};
/* End XCConfigurationList section */

/* Begin XCVersionGroup section */
		834303231789F183006EC1A6 /* Model.xcdatamodeld */ = {
			isa = XCVersionGroup;
			children = (
				834303241789F183006EC1A6 /* Model.xcdatamodel */,
			);
			currentVersion = 834303241789F183006EC1A6 /* Model.xcdatamodel */;
			path = Model.xcdatamodeld;
			sourceTree = "<group>";
			versionGroupType = wrapper.xcdatamodel;
		};
/* End XCVersionGroup section */
	};
	rootObject = 834302E31789F13F006EC1A6 /* Project object */;
}
