// !$*UTF8*$!
{
	archiveVersion = 1;
	classes = {
	};
	objectVersion = 46;
	objects = {

/* Begin PBXBuildFile section */
		833FF162178CB6420071195F /* NSDictionary+CJExtensions.m in Sources */ = {isa = PBXBuildFile; fileRef = 833FF161178CB6420071195F /* NSDictionary+CJExtensions.m */; };
		833FF163178CB6420071195F /* NSDictionary+CJExtensions.m in Sources */ = {isa = PBXBuildFile; fileRef = 833FF161178CB6420071195F /* NSDictionary+CJExtensions.m */; };
		834302EF1789F13F006EC1A6 /* Foundation.framework in Frameworks */ = {isa = PBXBuildFile; fileRef = 834302EE1789F13F006EC1A6 /* Foundation.framework */; };
		834302F11789F13F006EC1A6 /* CoreGraphics.framework in Frameworks */ = {isa = PBXBuildFile; fileRef = 834302F01789F13F006EC1A6 /* CoreGraphics.framework */; };
		834302F31789F13F006EC1A6 /* UIKit.framework in Frameworks */ = {isa = PBXBuildFile; fileRef = 834302F21789F13F006EC1A6 /* UIKit.framework */; };
		834302F91789F13F006EC1A6 /* InfoPlist.strings in Resources */ = {isa = PBXBuildFile; fileRef = 834302F71789F13F006EC1A6 /* InfoPlist.strings */; };
		834302FB1789F13F006EC1A6 /* main.m in Sources */ = {isa = PBXBuildFile; fileRef = 834302FA1789F13F006EC1A6 /* main.m */; };
		834302FF1789F13F006EC1A6 /* KANAppDelegate.m in Sources */ = {isa = PBXBuildFile; fileRef = 834302FE1789F13F006EC1A6 /* KANAppDelegate.m */; };
		834303021789F13F006EC1A6 /* Main.storyboard in Resources */ = {isa = PBXBuildFile; fileRef = 834303001789F13F006EC1A6 /* Main.storyboard */; };
		834303071789F13F006EC1A6 /* Images.xcassets in Resources */ = {isa = PBXBuildFile; fileRef = 834303061789F13F006EC1A6 /* Images.xcassets */; };
		8343030E1789F13F006EC1A6 /* XCTest.framework in Frameworks */ = {isa = PBXBuildFile; fileRef = 8343030D1789F13F006EC1A6 /* XCTest.framework */; };
		8343030F1789F13F006EC1A6 /* Foundation.framework in Frameworks */ = {isa = PBXBuildFile; fileRef = 834302EE1789F13F006EC1A6 /* Foundation.framework */; };
		834303101789F13F006EC1A6 /* UIKit.framework in Frameworks */ = {isa = PBXBuildFile; fileRef = 834302F21789F13F006EC1A6 /* UIKit.framework */; };
		834303181789F13F006EC1A6 /* InfoPlist.strings in Resources */ = {isa = PBXBuildFile; fileRef = 834303161789F13F006EC1A6 /* InfoPlist.strings */; };
		8343031A1789F13F006EC1A6 /* KanihiTests.m in Sources */ = {isa = PBXBuildFile; fileRef = 834303191789F13F006EC1A6 /* KanihiTests.m */; };
		834303251789F183006EC1A6 /* Model.xcdatamodeld in Sources */ = {isa = PBXBuildFile; fileRef = 834303231789F183006EC1A6 /* Model.xcdatamodeld */; };
		834303291789F953006EC1A6 /* KANDataStore.m in Sources */ = {isa = PBXBuildFile; fileRef = 834303281789F953006EC1A6 /* KANDataStore.m */; };
		83433321178BAF8900CC985D /* KANTrackArtist.m in Sources */ = {isa = PBXBuildFile; fileRef = 83433320178BAF8900CC985D /* KANTrackArtist.m */; };
		83433322178BAF8900CC985D /* KANTrackArtist.m in Sources */ = {isa = PBXBuildFile; fileRef = 83433320178BAF8900CC985D /* KANTrackArtist.m */; };
		83433376178BC91400CC985D /* KANAlbumArtist.m in Sources */ = {isa = PBXBuildFile; fileRef = 83433375178BC91400CC985D /* KANAlbumArtist.m */; };
		83433377178BC91400CC985D /* KANAlbumArtist.m in Sources */ = {isa = PBXBuildFile; fileRef = 83433375178BC91400CC985D /* KANAlbumArtist.m */; };
		8343337A178BCAB400CC985D /* KANAlbum.m in Sources */ = {isa = PBXBuildFile; fileRef = 83433379178BCAB400CC985D /* KANAlbum.m */; };
		8343337B178BCAB400CC985D /* KANAlbum.m in Sources */ = {isa = PBXBuildFile; fileRef = 83433379178BCAB400CC985D /* KANAlbum.m */; };
		8343337E178BCD0600CC985D /* KANDisc.m in Sources */ = {isa = PBXBuildFile; fileRef = 8343337D178BCD0600CC985D /* KANDisc.m */; };
		8343337F178BCD0600CC985D /* KANDisc.m in Sources */ = {isa = PBXBuildFile; fileRef = 8343337D178BCD0600CC985D /* KANDisc.m */; };
		83433382178BD27800CC985D /* KANGenre.m in Sources */ = {isa = PBXBuildFile; fileRef = 83433381178BD27800CC985D /* KANGenre.m */; };
		83433383178BD27800CC985D /* KANGenre.m in Sources */ = {isa = PBXBuildFile; fileRef = 83433381178BD27800CC985D /* KANGenre.m */; };
		83433386178BE1D400CC985D /* KANConstants.m in Sources */ = {isa = PBXBuildFile; fileRef = 83433385178BE1D400CC985D /* KANConstants.m */; };
		83433387178BE1D400CC985D /* KANConstants.m in Sources */ = {isa = PBXBuildFile; fileRef = 83433385178BE1D400CC985D /* KANConstants.m */; };
		835B00331791C22700E07A71 /* KANUtils.m in Sources */ = {isa = PBXBuildFile; fileRef = 835B00321791C22700E07A71 /* KANUtils.m */; };
		835B00341791C22700E07A71 /* KANUtils.m in Sources */ = {isa = PBXBuildFile; fileRef = 835B00321791C22700E07A71 /* KANUtils.m */; };
		835B00381791C7E900E07A71 /* KANBaseTableViewController.m in Sources */ = {isa = PBXBuildFile; fileRef = 835B00371791C7E900E07A71 /* KANBaseTableViewController.m */; };
		835B00391791C7E900E07A71 /* KANBaseTableViewController.m in Sources */ = {isa = PBXBuildFile; fileRef = 835B00371791C7E900E07A71 /* KANBaseTableViewController.m */; };
		836782A71799DC7E00348B6B /* KANGenreTableViewController.m in Sources */ = {isa = PBXBuildFile; fileRef = 836782A61799DC7E00348B6B /* KANGenreTableViewController.m */; };
		836782A81799DC7E00348B6B /* KANGenreTableViewController.m in Sources */ = {isa = PBXBuildFile; fileRef = 836782A61799DC7E00348B6B /* KANGenreTableViewController.m */; };
		836782AB1799E0D500348B6B /* KANNavigationController.m in Sources */ = {isa = PBXBuildFile; fileRef = 836782AA1799E0D500348B6B /* KANNavigationController.m */; };
		836782AC1799E0D500348B6B /* KANNavigationController.m in Sources */ = {isa = PBXBuildFile; fileRef = 836782AA1799E0D500348B6B /* KANNavigationController.m */; };
		836782AF1799F89300348B6B /* KANMainMenuViewController.m in Sources */ = {isa = PBXBuildFile; fileRef = 836782AE1799F89300348B6B /* KANMainMenuViewController.m */; };
		836782B01799F89300348B6B /* KANMainMenuViewController.m in Sources */ = {isa = PBXBuildFile; fileRef = 836782AE1799F89300348B6B /* KANMainMenuViewController.m */; };
		836782B31799FAF100348B6B /* KANMainMenuViewCell.m in Sources */ = {isa = PBXBuildFile; fileRef = 836782B21799FAF100348B6B /* KANMainMenuViewCell.m */; };
		836782B41799FAF100348B6B /* KANMainMenuViewCell.m in Sources */ = {isa = PBXBuildFile; fileRef = 836782B21799FAF100348B6B /* KANMainMenuViewCell.m */; };
		836782C4179A213900348B6B /* NSString+CJExtensions.m in Sources */ = {isa = PBXBuildFile; fileRef = 836782C3179A213900348B6B /* NSString+CJExtensions.m */; };
		836782C5179A213900348B6B /* NSString+CJExtensions.m in Sources */ = {isa = PBXBuildFile; fileRef = 836782C3179A213900348B6B /* NSString+CJExtensions.m */; };
		836782C8179A268F00348B6B /* KANAlbumTrackListingTableViewController.m in Sources */ = {isa = PBXBuildFile; fileRef = 836782C7179A268F00348B6B /* KANAlbumTrackListingTableViewController.m */; };
		836782C9179A268F00348B6B /* KANAlbumTrackListingTableViewController.m in Sources */ = {isa = PBXBuildFile; fileRef = 836782C7179A268F00348B6B /* KANAlbumTrackListingTableViewController.m */; };
		836782CC179A477600348B6B /* KANAlbumTrackListingCell.m in Sources */ = {isa = PBXBuildFile; fileRef = 836782CB179A477600348B6B /* KANAlbumTrackListingCell.m */; };
		836782CD179A477600348B6B /* KANAlbumTrackListingCell.m in Sources */ = {isa = PBXBuildFile; fileRef = 836782CB179A477600348B6B /* KANAlbumTrackListingCell.m */; };
		836782D4179A4F5000348B6B /* KANAlbumTrackListingTableView.m in Sources */ = {isa = PBXBuildFile; fileRef = 836782D3179A4F5000348B6B /* KANAlbumTrackListingTableView.m */; };
		836782D5179A4F5000348B6B /* KANAlbumTrackListingTableView.m in Sources */ = {isa = PBXBuildFile; fileRef = 836782D3179A4F5000348B6B /* KANAlbumTrackListingTableView.m */; };
		83A28124179C6046008D0686 /* UIFont+CJExtensions.m in Sources */ = {isa = PBXBuildFile; fileRef = 83A28123179C6046008D0686 /* UIFont+CJExtensions.m */; };
		83A28125179C6046008D0686 /* UIFont+CJExtensions.m in Sources */ = {isa = PBXBuildFile; fileRef = 83A28123179C6046008D0686 /* UIFont+CJExtensions.m */; };
		83A28211179C9BD9008D0686 /* AFHTTPClient.m in Sources */ = {isa = PBXBuildFile; fileRef = 83A281FC179C9BD9008D0686 /* AFHTTPClient.m */; };
		83A28212179C9BD9008D0686 /* AFHTTPClient.m in Sources */ = {isa = PBXBuildFile; fileRef = 83A281FC179C9BD9008D0686 /* AFHTTPClient.m */; };
		83A28213179C9BD9008D0686 /* AFHTTPRequestOperation.m in Sources */ = {isa = PBXBuildFile; fileRef = 83A281FE179C9BD9008D0686 /* AFHTTPRequestOperation.m */; };
		83A28214179C9BD9008D0686 /* AFHTTPRequestOperation.m in Sources */ = {isa = PBXBuildFile; fileRef = 83A281FE179C9BD9008D0686 /* AFHTTPRequestOperation.m */; };
		83A28215179C9BD9008D0686 /* AFImageRequestOperation.m in Sources */ = {isa = PBXBuildFile; fileRef = 83A28200179C9BD9008D0686 /* AFImageRequestOperation.m */; };
		83A28216179C9BD9008D0686 /* AFImageRequestOperation.m in Sources */ = {isa = PBXBuildFile; fileRef = 83A28200179C9BD9008D0686 /* AFImageRequestOperation.m */; };
		83A28217179C9BD9008D0686 /* AFJSONRequestOperation.m in Sources */ = {isa = PBXBuildFile; fileRef = 83A28202179C9BD9008D0686 /* AFJSONRequestOperation.m */; };
		83A28218179C9BD9008D0686 /* AFJSONRequestOperation.m in Sources */ = {isa = PBXBuildFile; fileRef = 83A28202179C9BD9008D0686 /* AFJSONRequestOperation.m */; };
		83A28219179C9BD9008D0686 /* AFNetworkActivityIndicatorManager.m in Sources */ = {isa = PBXBuildFile; fileRef = 83A28204179C9BD9008D0686 /* AFNetworkActivityIndicatorManager.m */; };
		83A2821A179C9BD9008D0686 /* AFNetworkActivityIndicatorManager.m in Sources */ = {isa = PBXBuildFile; fileRef = 83A28204179C9BD9008D0686 /* AFNetworkActivityIndicatorManager.m */; };
		83A2821B179C9BD9008D0686 /* AFPropertyListRequestOperation.m in Sources */ = {isa = PBXBuildFile; fileRef = 83A28207179C9BD9008D0686 /* AFPropertyListRequestOperation.m */; };
		83A2821C179C9BD9008D0686 /* AFPropertyListRequestOperation.m in Sources */ = {isa = PBXBuildFile; fileRef = 83A28207179C9BD9008D0686 /* AFPropertyListRequestOperation.m */; };
		83A2821D179C9BD9008D0686 /* AFURLConnectionOperation.m in Sources */ = {isa = PBXBuildFile; fileRef = 83A28209179C9BD9008D0686 /* AFURLConnectionOperation.m */; };
		83A2821E179C9BD9008D0686 /* AFURLConnectionOperation.m in Sources */ = {isa = PBXBuildFile; fileRef = 83A28209179C9BD9008D0686 /* AFURLConnectionOperation.m */; };
		83A2821F179C9BD9008D0686 /* AFXMLRequestOperation.m in Sources */ = {isa = PBXBuildFile; fileRef = 83A2820B179C9BD9008D0686 /* AFXMLRequestOperation.m */; };
		83A28220179C9BD9008D0686 /* AFXMLRequestOperation.m in Sources */ = {isa = PBXBuildFile; fileRef = 83A2820B179C9BD9008D0686 /* AFXMLRequestOperation.m */; };
		83A28221179C9BD9008D0686 /* UIImageView+AFNetworking.m in Sources */ = {isa = PBXBuildFile; fileRef = 83A2820D179C9BD9008D0686 /* UIImageView+AFNetworking.m */; };
		83A28222179C9BD9008D0686 /* UIImageView+AFNetworking.m in Sources */ = {isa = PBXBuildFile; fileRef = 83A2820D179C9BD9008D0686 /* UIImageView+AFNetworking.m */; };
		83A28223179C9BD9008D0686 /* Base64.m in Sources */ = {isa = PBXBuildFile; fileRef = 83A28210179C9BD9008D0686 /* Base64.m */; };
		83A28224179C9BD9008D0686 /* Base64.m in Sources */ = {isa = PBXBuildFile; fileRef = 83A28210179C9BD9008D0686 /* Base64.m */; };
		83A28227179CC15C008D0686 /* KANArtwork.m in Sources */ = {isa = PBXBuildFile; fileRef = 83A28226179CC15C008D0686 /* KANArtwork.m */; };
		83A28228179CC15C008D0686 /* KANArtwork.m in Sources */ = {isa = PBXBuildFile; fileRef = 83A28226179CC15C008D0686 /* KANArtwork.m */; };
		83A4D848179B167E008597E0 /* KANTableViewCell.xib in Resources */ = {isa = PBXBuildFile; fileRef = 83A4D847179B167E008597E0 /* KANTableViewCell.xib */; };
		83A4D849179B167E008597E0 /* KANTableViewCell.xib in Resources */ = {isa = PBXBuildFile; fileRef = 83A4D847179B167E008597E0 /* KANTableViewCell.xib */; };
		83A4D84C179B17A8008597E0 /* KANTableViewCell.m in Sources */ = {isa = PBXBuildFile; fileRef = 83A4D84B179B17A8008597E0 /* KANTableViewCell.m */; };
		83A4D84D179B17A8008597E0 /* KANTableViewCell.m in Sources */ = {isa = PBXBuildFile; fileRef = 83A4D84B179B17A8008597E0 /* KANTableViewCell.m */; };
		83A4D876179BB8AD008597E0 /* KANLabelContainerView.m in Sources */ = {isa = PBXBuildFile; fileRef = 83A4D875179BB8AD008597E0 /* KANLabelContainerView.m */; };
		83A4D877179BB8AD008597E0 /* KANLabelContainerView.m in Sources */ = {isa = PBXBuildFile; fileRef = 83A4D875179BB8AD008597E0 /* KANLabelContainerView.m */; };
		83BA165D178DE99200BFF856 /* KANAPI.m in Sources */ = {isa = PBXBuildFile; fileRef = 83BA165C178DE99200BFF856 /* KANAPI.m */; };
		83BA165E178DE99200BFF856 /* KANAPI.m in Sources */ = {isa = PBXBuildFile; fileRef = 83BA165C178DE99200BFF856 /* KANAPI.m */; };
		83E31CFE179632AF00A6EAF7 /* KANAlbumArtistsTableViewController.m in Sources */ = {isa = PBXBuildFile; fileRef = 83E31CFD179632AF00A6EAF7 /* KANAlbumArtistsTableViewController.m */; };
		83E31CFF179632AF00A6EAF7 /* KANAlbumArtistsTableViewController.m in Sources */ = {isa = PBXBuildFile; fileRef = 83E31CFD179632AF00A6EAF7 /* KANAlbumArtistsTableViewController.m */; };
		83E31D02179640E200A6EAF7 /* KANAlbumTableViewController.m in Sources */ = {isa = PBXBuildFile; fileRef = 83E31D01179640E200A6EAF7 /* KANAlbumTableViewController.m */; };
		83E31D03179640E200A6EAF7 /* KANAlbumTableViewController.m in Sources */ = {isa = PBXBuildFile; fileRef = 83E31D01179640E200A6EAF7 /* KANAlbumTableViewController.m */; };
		83E44D89178A0D7A00CB37C1 /* CoreData.framework in Frameworks */ = {isa = PBXBuildFile; fileRef = 83E44D88178A0D7A00CB37C1 /* CoreData.framework */; };
		83E44D8F178A204800CB37C1 /* KANTrack.m in Sources */ = {isa = PBXBuildFile; fileRef = 83E44D8D178A177700CB37C1 /* KANTrack.m */; };
		83E44D90178A206400CB37C1 /* KANEntity.m in Sources */ = {isa = PBXBuildFile; fileRef = 83E44D8B178A15A000CB37C1 /* KANEntity.m */; };
		83E44D9C178A7D8900CB37C1 /* KANUniqueEntity.m in Sources */ = {isa = PBXBuildFile; fileRef = 83E44D9B178A7D8900CB37C1 /* KANUniqueEntity.m */; };
		83E44D9D178A7D8900CB37C1 /* KANUniqueEntity.m in Sources */ = {isa = PBXBuildFile; fileRef = 83E44D9B178A7D8900CB37C1 /* KANUniqueEntity.m */; };
		83FB7B7A17911081003E56F8 /* CJStringNormalization.m in Sources */ = {isa = PBXBuildFile; fileRef = 83FB7B7317911081003E56F8 /* CJStringNormalization.m */; };
		83FB7B7B17911081003E56F8 /* CJStringNormalization.m in Sources */ = {isa = PBXBuildFile; fileRef = 83FB7B7317911081003E56F8 /* CJStringNormalization.m */; };
		83FB7B7C17911081003E56F8 /* NSArray+CJExtensions.m in Sources */ = {isa = PBXBuildFile; fileRef = 83FB7B7517911081003E56F8 /* NSArray+CJExtensions.m */; };
		83FB7B7D17911081003E56F8 /* NSArray+CJExtensions.m in Sources */ = {isa = PBXBuildFile; fileRef = 83FB7B7517911081003E56F8 /* NSArray+CJExtensions.m */; };
		83FB7B7E17911081003E56F8 /* NSDateFormatter+CJExtensions.m in Sources */ = {isa = PBXBuildFile; fileRef = 83FB7B7717911081003E56F8 /* NSDateFormatter+CJExtensions.m */; };
		83FB7B7F17911081003E56F8 /* NSDateFormatter+CJExtensions.m in Sources */ = {isa = PBXBuildFile; fileRef = 83FB7B7717911081003E56F8 /* NSDateFormatter+CJExtensions.m */; };
		83FB7B8017911081003E56F8 /* NSMutableArray+CJExtensions.m in Sources */ = {isa = PBXBuildFile; fileRef = 83FB7B7917911081003E56F8 /* NSMutableArray+CJExtensions.m */; };
		83FB7B8117911081003E56F8 /* NSMutableArray+CJExtensions.m in Sources */ = {isa = PBXBuildFile; fileRef = 83FB7B7917911081003E56F8 /* NSMutableArray+CJExtensions.m */; };
/* End PBXBuildFile section */

/* Begin PBXContainerItemProxy section */
		834303111789F13F006EC1A6 /* PBXContainerItemProxy */ = {
			isa = PBXContainerItemProxy;
			containerPortal = 834302E31789F13F006EC1A6 /* Project object */;
			proxyType = 1;
			remoteGlobalIDString = 834302EA1789F13F006EC1A6;
			remoteInfo = Kanihi;
		};
/* End PBXContainerItemProxy section */

/* Begin PBXFileReference section */
		833FF15E178CB6420071195F /* CJLog.h */ = {isa = PBXFileReference; fileEncoding = 4; lastKnownFileType = sourcecode.c.h; path = CJLog.h; sourceTree = "<group>"; };
		833FF15F178CB6420071195F /* CJUtils-Prefix.pch */ = {isa = PBXFileReference; fileEncoding = 4; lastKnownFileType = sourcecode.c.h; path = "CJUtils-Prefix.pch"; sourceTree = "<group>"; };
		833FF160178CB6420071195F /* NSDictionary+CJExtensions.h */ = {isa = PBXFileReference; fileEncoding = 4; lastKnownFileType = sourcecode.c.h; path = "NSDictionary+CJExtensions.h"; sourceTree = "<group>"; };
		833FF161178CB6420071195F /* NSDictionary+CJExtensions.m */ = {isa = PBXFileReference; fileEncoding = 4; lastKnownFileType = sourcecode.c.objc; path = "NSDictionary+CJExtensions.m"; sourceTree = "<group>"; };
		834302EB1789F13F006EC1A6 /* Kanihi.app */ = {isa = PBXFileReference; explicitFileType = wrapper.application; includeInIndex = 0; path = Kanihi.app; sourceTree = BUILT_PRODUCTS_DIR; };
		834302EE1789F13F006EC1A6 /* Foundation.framework */ = {isa = PBXFileReference; lastKnownFileType = wrapper.framework; name = Foundation.framework; path = System/Library/Frameworks/Foundation.framework; sourceTree = SDKROOT; };
		834302F01789F13F006EC1A6 /* CoreGraphics.framework */ = {isa = PBXFileReference; lastKnownFileType = wrapper.framework; name = CoreGraphics.framework; path = System/Library/Frameworks/CoreGraphics.framework; sourceTree = SDKROOT; };
		834302F21789F13F006EC1A6 /* UIKit.framework */ = {isa = PBXFileReference; lastKnownFileType = wrapper.framework; name = UIKit.framework; path = System/Library/Frameworks/UIKit.framework; sourceTree = SDKROOT; };
		834302F61789F13F006EC1A6 /* Kanihi-Info.plist */ = {isa = PBXFileReference; lastKnownFileType = text.plist.xml; path = "Kanihi-Info.plist"; sourceTree = "<group>"; };
		834302F81789F13F006EC1A6 /* en */ = {isa = PBXFileReference; lastKnownFileType = text.plist.strings; name = en; path = en.lproj/InfoPlist.strings; sourceTree = "<group>"; };
		834302FA1789F13F006EC1A6 /* main.m */ = {isa = PBXFileReference; lastKnownFileType = sourcecode.c.objc; path = main.m; sourceTree = "<group>"; };
		834302FC1789F13F006EC1A6 /* Kanihi-Prefix.pch */ = {isa = PBXFileReference; lastKnownFileType = sourcecode.c.h; path = "Kanihi-Prefix.pch"; sourceTree = "<group>"; };
		834302FD1789F13F006EC1A6 /* KANAppDelegate.h */ = {isa = PBXFileReference; lastKnownFileType = sourcecode.c.h; path = KANAppDelegate.h; sourceTree = "<group>"; };
		834302FE1789F13F006EC1A6 /* KANAppDelegate.m */ = {isa = PBXFileReference; lastKnownFileType = sourcecode.c.objc; path = KANAppDelegate.m; sourceTree = "<group>"; };
		834303011789F13F006EC1A6 /* Base */ = {isa = PBXFileReference; lastKnownFileType = file.storyboard; name = Base; path = Base.lproj/Main.storyboard; sourceTree = "<group>"; };
		834303061789F13F006EC1A6 /* Images.xcassets */ = {isa = PBXFileReference; lastKnownFileType = folder.assetcatalog; path = Images.xcassets; sourceTree = "<group>"; };
		8343030C1789F13F006EC1A6 /* KanihiTests.xctest */ = {isa = PBXFileReference; explicitFileType = wrapper.cfbundle; includeInIndex = 0; path = KanihiTests.xctest; sourceTree = BUILT_PRODUCTS_DIR; };
		8343030D1789F13F006EC1A6 /* XCTest.framework */ = {isa = PBXFileReference; lastKnownFileType = wrapper.framework; name = XCTest.framework; path = Library/Frameworks/XCTest.framework; sourceTree = DEVELOPER_DIR; };
		834303151789F13F006EC1A6 /* KanihiTests-Info.plist */ = {isa = PBXFileReference; lastKnownFileType = text.plist.xml; path = "KanihiTests-Info.plist"; sourceTree = "<group>"; };
		834303171789F13F006EC1A6 /* en */ = {isa = PBXFileReference; lastKnownFileType = text.plist.strings; name = en; path = en.lproj/InfoPlist.strings; sourceTree = "<group>"; };
		834303191789F13F006EC1A6 /* KanihiTests.m */ = {isa = PBXFileReference; lastKnownFileType = sourcecode.c.objc; path = KanihiTests.m; sourceTree = "<group>"; };
		834303241789F183006EC1A6 /* Model.xcdatamodel */ = {isa = PBXFileReference; lastKnownFileType = wrapper.xcdatamodel; path = Model.xcdatamodel; sourceTree = "<group>"; };
		834303271789F953006EC1A6 /* KANDataStore.h */ = {isa = PBXFileReference; fileEncoding = 4; lastKnownFileType = sourcecode.c.h; path = KANDataStore.h; sourceTree = "<group>"; };
		834303281789F953006EC1A6 /* KANDataStore.m */ = {isa = PBXFileReference; fileEncoding = 4; lastKnownFileType = sourcecode.c.objc; path = KANDataStore.m; sourceTree = "<group>"; };
		8343331F178BAF8900CC985D /* KANTrackArtist.h */ = {isa = PBXFileReference; fileEncoding = 4; lastKnownFileType = sourcecode.c.h; path = KANTrackArtist.h; sourceTree = "<group>"; };
		83433320178BAF8900CC985D /* KANTrackArtist.m */ = {isa = PBXFileReference; fileEncoding = 4; lastKnownFileType = sourcecode.c.objc; path = KANTrackArtist.m; sourceTree = "<group>"; };
		83433374178BC91400CC985D /* KANAlbumArtist.h */ = {isa = PBXFileReference; fileEncoding = 4; lastKnownFileType = sourcecode.c.h; path = KANAlbumArtist.h; sourceTree = "<group>"; };
		83433375178BC91400CC985D /* KANAlbumArtist.m */ = {isa = PBXFileReference; fileEncoding = 4; lastKnownFileType = sourcecode.c.objc; path = KANAlbumArtist.m; sourceTree = "<group>"; };
		83433378178BCAB400CC985D /* KANAlbum.h */ = {isa = PBXFileReference; fileEncoding = 4; lastKnownFileType = sourcecode.c.h; path = KANAlbum.h; sourceTree = "<group>"; };
		83433379178BCAB400CC985D /* KANAlbum.m */ = {isa = PBXFileReference; fileEncoding = 4; lastKnownFileType = sourcecode.c.objc; path = KANAlbum.m; sourceTree = "<group>"; };
		8343337C178BCD0600CC985D /* KANDisc.h */ = {isa = PBXFileReference; fileEncoding = 4; lastKnownFileType = sourcecode.c.h; path = KANDisc.h; sourceTree = "<group>"; };
		8343337D178BCD0600CC985D /* KANDisc.m */ = {isa = PBXFileReference; fileEncoding = 4; lastKnownFileType = sourcecode.c.objc; path = KANDisc.m; sourceTree = "<group>"; };
		83433380178BD27800CC985D /* KANGenre.h */ = {isa = PBXFileReference; fileEncoding = 4; lastKnownFileType = sourcecode.c.h; path = KANGenre.h; sourceTree = "<group>"; };
		83433381178BD27800CC985D /* KANGenre.m */ = {isa = PBXFileReference; fileEncoding = 4; lastKnownFileType = sourcecode.c.objc; path = KANGenre.m; sourceTree = "<group>"; };
		83433384178BE1D400CC985D /* KANConstants.h */ = {isa = PBXFileReference; fileEncoding = 4; lastKnownFileType = sourcecode.c.h; path = KANConstants.h; sourceTree = "<group>"; };
		83433385178BE1D400CC985D /* KANConstants.m */ = {isa = PBXFileReference; fileEncoding = 4; lastKnownFileType = sourcecode.c.objc; path = KANConstants.m; sourceTree = "<group>"; };
		835B00311791C22700E07A71 /* KANUtils.h */ = {isa = PBXFileReference; fileEncoding = 4; lastKnownFileType = sourcecode.c.h; path = KANUtils.h; sourceTree = "<group>"; };
		835B00321791C22700E07A71 /* KANUtils.m */ = {isa = PBXFileReference; fileEncoding = 4; lastKnownFileType = sourcecode.c.objc; path = KANUtils.m; sourceTree = "<group>"; };
		835B00361791C7E900E07A71 /* KANBaseTableViewController.h */ = {isa = PBXFileReference; fileEncoding = 4; lastKnownFileType = sourcecode.c.h; path = KANBaseTableViewController.h; sourceTree = "<group>"; };
		835B00371791C7E900E07A71 /* KANBaseTableViewController.m */ = {isa = PBXFileReference; fileEncoding = 4; lastKnownFileType = sourcecode.c.objc; path = KANBaseTableViewController.m; sourceTree = "<group>"; };
		836782A51799DC7E00348B6B /* KANGenreTableViewController.h */ = {isa = PBXFileReference; fileEncoding = 4; lastKnownFileType = sourcecode.c.h; path = KANGenreTableViewController.h; sourceTree = "<group>"; };
		836782A61799DC7E00348B6B /* KANGenreTableViewController.m */ = {isa = PBXFileReference; fileEncoding = 4; lastKnownFileType = sourcecode.c.objc; path = KANGenreTableViewController.m; sourceTree = "<group>"; };
		836782A91799E0D500348B6B /* KANNavigationController.h */ = {isa = PBXFileReference; fileEncoding = 4; lastKnownFileType = sourcecode.c.h; path = KANNavigationController.h; sourceTree = "<group>"; };
		836782AA1799E0D500348B6B /* KANNavigationController.m */ = {isa = PBXFileReference; fileEncoding = 4; lastKnownFileType = sourcecode.c.objc; path = KANNavigationController.m; sourceTree = "<group>"; };
		836782AD1799F89300348B6B /* KANMainMenuViewController.h */ = {isa = PBXFileReference; fileEncoding = 4; lastKnownFileType = sourcecode.c.h; path = KANMainMenuViewController.h; sourceTree = "<group>"; };
		836782AE1799F89300348B6B /* KANMainMenuViewController.m */ = {isa = PBXFileReference; fileEncoding = 4; lastKnownFileType = sourcecode.c.objc; path = KANMainMenuViewController.m; sourceTree = "<group>"; };
		836782B11799FAF100348B6B /* KANMainMenuViewCell.h */ = {isa = PBXFileReference; fileEncoding = 4; lastKnownFileType = sourcecode.c.h; path = KANMainMenuViewCell.h; sourceTree = "<group>"; };
		836782B21799FAF100348B6B /* KANMainMenuViewCell.m */ = {isa = PBXFileReference; fileEncoding = 4; lastKnownFileType = sourcecode.c.objc; path = KANMainMenuViewCell.m; sourceTree = "<group>"; };
		836782C2179A213900348B6B /* NSString+CJExtensions.h */ = {isa = PBXFileReference; fileEncoding = 4; lastKnownFileType = sourcecode.c.h; name = "NSString+CJExtensions.h"; path = "../../cjutils-objc/CJUtils/NSString+CJExtensions.h"; sourceTree = "<group>"; };
		836782C3179A213900348B6B /* NSString+CJExtensions.m */ = {isa = PBXFileReference; fileEncoding = 4; lastKnownFileType = sourcecode.c.objc; name = "NSString+CJExtensions.m"; path = "../../cjutils-objc/CJUtils/NSString+CJExtensions.m"; sourceTree = "<group>"; };
		836782C6179A268F00348B6B /* KANAlbumTrackListingTableViewController.h */ = {isa = PBXFileReference; fileEncoding = 4; lastKnownFileType = sourcecode.c.h; path = KANAlbumTrackListingTableViewController.h; sourceTree = "<group>"; };
		836782C7179A268F00348B6B /* KANAlbumTrackListingTableViewController.m */ = {isa = PBXFileReference; fileEncoding = 4; lastKnownFileType = sourcecode.c.objc; path = KANAlbumTrackListingTableViewController.m; sourceTree = "<group>"; };
		836782CA179A477600348B6B /* KANAlbumTrackListingCell.h */ = {isa = PBXFileReference; fileEncoding = 4; lastKnownFileType = sourcecode.c.h; path = KANAlbumTrackListingCell.h; sourceTree = "<group>"; };
		836782CB179A477600348B6B /* KANAlbumTrackListingCell.m */ = {isa = PBXFileReference; fileEncoding = 4; lastKnownFileType = sourcecode.c.objc; path = KANAlbumTrackListingCell.m; sourceTree = "<group>"; };
		836782D2179A4F5000348B6B /* KANAlbumTrackListingTableView.h */ = {isa = PBXFileReference; fileEncoding = 4; lastKnownFileType = sourcecode.c.h; path = KANAlbumTrackListingTableView.h; sourceTree = "<group>"; };
		836782D3179A4F5000348B6B /* KANAlbumTrackListingTableView.m */ = {isa = PBXFileReference; fileEncoding = 4; lastKnownFileType = sourcecode.c.objc; path = KANAlbumTrackListingTableView.m; sourceTree = "<group>"; };
		83A28122179C6046008D0686 /* UIFont+CJExtensions.h */ = {isa = PBXFileReference; fileEncoding = 4; lastKnownFileType = sourcecode.c.h; name = "UIFont+CJExtensions.h"; path = "../../cjutils-objc/CJUtils/UIFont+CJExtensions.h"; sourceTree = "<group>"; };
		83A28123179C6046008D0686 /* UIFont+CJExtensions.m */ = {isa = PBXFileReference; fileEncoding = 4; lastKnownFileType = sourcecode.c.objc; name = "UIFont+CJExtensions.m"; path = "../../cjutils-objc/CJUtils/UIFont+CJExtensions.m"; sourceTree = "<group>"; };
		83A281FB179C9BD9008D0686 /* AFHTTPClient.h */ = {isa = PBXFileReference; fileEncoding = 4; lastKnownFileType = sourcecode.c.h; path = AFHTTPClient.h; sourceTree = "<group>"; };
		83A281FC179C9BD9008D0686 /* AFHTTPClient.m */ = {isa = PBXFileReference; fileEncoding = 4; lastKnownFileType = sourcecode.c.objc; path = AFHTTPClient.m; sourceTree = "<group>"; };
		83A281FD179C9BD9008D0686 /* AFHTTPRequestOperation.h */ = {isa = PBXFileReference; fileEncoding = 4; lastKnownFileType = sourcecode.c.h; path = AFHTTPRequestOperation.h; sourceTree = "<group>"; };
		83A281FE179C9BD9008D0686 /* AFHTTPRequestOperation.m */ = {isa = PBXFileReference; fileEncoding = 4; lastKnownFileType = sourcecode.c.objc; path = AFHTTPRequestOperation.m; sourceTree = "<group>"; };
		83A281FF179C9BD9008D0686 /* AFImageRequestOperation.h */ = {isa = PBXFileReference; fileEncoding = 4; lastKnownFileType = sourcecode.c.h; path = AFImageRequestOperation.h; sourceTree = "<group>"; };
		83A28200179C9BD9008D0686 /* AFImageRequestOperation.m */ = {isa = PBXFileReference; fileEncoding = 4; lastKnownFileType = sourcecode.c.objc; path = AFImageRequestOperation.m; sourceTree = "<group>"; };
		83A28201179C9BD9008D0686 /* AFJSONRequestOperation.h */ = {isa = PBXFileReference; fileEncoding = 4; lastKnownFileType = sourcecode.c.h; path = AFJSONRequestOperation.h; sourceTree = "<group>"; };
		83A28202179C9BD9008D0686 /* AFJSONRequestOperation.m */ = {isa = PBXFileReference; fileEncoding = 4; lastKnownFileType = sourcecode.c.objc; path = AFJSONRequestOperation.m; sourceTree = "<group>"; };
		83A28203179C9BD9008D0686 /* AFNetworkActivityIndicatorManager.h */ = {isa = PBXFileReference; fileEncoding = 4; lastKnownFileType = sourcecode.c.h; path = AFNetworkActivityIndicatorManager.h; sourceTree = "<group>"; };
		83A28204179C9BD9008D0686 /* AFNetworkActivityIndicatorManager.m */ = {isa = PBXFileReference; fileEncoding = 4; lastKnownFileType = sourcecode.c.objc; path = AFNetworkActivityIndicatorManager.m; sourceTree = "<group>"; };
		83A28205179C9BD9008D0686 /* AFNetworking.h */ = {isa = PBXFileReference; fileEncoding = 4; lastKnownFileType = sourcecode.c.h; path = AFNetworking.h; sourceTree = "<group>"; };
		83A28206179C9BD9008D0686 /* AFPropertyListRequestOperation.h */ = {isa = PBXFileReference; fileEncoding = 4; lastKnownFileType = sourcecode.c.h; path = AFPropertyListRequestOperation.h; sourceTree = "<group>"; };
		83A28207179C9BD9008D0686 /* AFPropertyListRequestOperation.m */ = {isa = PBXFileReference; fileEncoding = 4; lastKnownFileType = sourcecode.c.objc; path = AFPropertyListRequestOperation.m; sourceTree = "<group>"; };
		83A28208179C9BD9008D0686 /* AFURLConnectionOperation.h */ = {isa = PBXFileReference; fileEncoding = 4; lastKnownFileType = sourcecode.c.h; path = AFURLConnectionOperation.h; sourceTree = "<group>"; };
		83A28209179C9BD9008D0686 /* AFURLConnectionOperation.m */ = {isa = PBXFileReference; fileEncoding = 4; lastKnownFileType = sourcecode.c.objc; path = AFURLConnectionOperation.m; sourceTree = "<group>"; };
		83A2820A179C9BD9008D0686 /* AFXMLRequestOperation.h */ = {isa = PBXFileReference; fileEncoding = 4; lastKnownFileType = sourcecode.c.h; path = AFXMLRequestOperation.h; sourceTree = "<group>"; };
		83A2820B179C9BD9008D0686 /* AFXMLRequestOperation.m */ = {isa = PBXFileReference; fileEncoding = 4; lastKnownFileType = sourcecode.c.objc; path = AFXMLRequestOperation.m; sourceTree = "<group>"; };
		83A2820C179C9BD9008D0686 /* UIImageView+AFNetworking.h */ = {isa = PBXFileReference; fileEncoding = 4; lastKnownFileType = sourcecode.c.h; path = "UIImageView+AFNetworking.h"; sourceTree = "<group>"; };
		83A2820D179C9BD9008D0686 /* UIImageView+AFNetworking.m */ = {isa = PBXFileReference; fileEncoding = 4; lastKnownFileType = sourcecode.c.objc; path = "UIImageView+AFNetworking.m"; sourceTree = "<group>"; };
		83A2820F179C9BD9008D0686 /* Base64.h */ = {isa = PBXFileReference; fileEncoding = 4; lastKnownFileType = sourcecode.c.h; path = Base64.h; sourceTree = "<group>"; };
		83A28210179C9BD9008D0686 /* Base64.m */ = {isa = PBXFileReference; fileEncoding = 4; lastKnownFileType = sourcecode.c.objc; path = Base64.m; sourceTree = "<group>"; };
		83A28225179CC15C008D0686 /* KANArtwork.h */ = {isa = PBXFileReference; fileEncoding = 4; lastKnownFileType = sourcecode.c.h; path = KANArtwork.h; sourceTree = "<group>"; };
		83A28226179CC15C008D0686 /* KANArtwork.m */ = {isa = PBXFileReference; fileEncoding = 4; lastKnownFileType = sourcecode.c.objc; path = KANArtwork.m; sourceTree = "<group>"; };
		83A4D847179B167E008597E0 /* KANTableViewCell.xib */ = {isa = PBXFileReference; fileEncoding = 4; lastKnownFileType = file.xib; path = KANTableViewCell.xib; sourceTree = "<group>"; };
		83A4D84A179B17A8008597E0 /* KANTableViewCell.h */ = {isa = PBXFileReference; fileEncoding = 4; lastKnownFileType = sourcecode.c.h; path = KANTableViewCell.h; sourceTree = "<group>"; };
		83A4D84B179B17A8008597E0 /* KANTableViewCell.m */ = {isa = PBXFileReference; fileEncoding = 4; lastKnownFileType = sourcecode.c.objc; path = KANTableViewCell.m; sourceTree = "<group>"; };
		83A4D874179BB8AD008597E0 /* KANLabelContainerView.h */ = {isa = PBXFileReference; fileEncoding = 4; lastKnownFileType = sourcecode.c.h; path = KANLabelContainerView.h; sourceTree = "<group>"; };
		83A4D875179BB8AD008597E0 /* KANLabelContainerView.m */ = {isa = PBXFileReference; fileEncoding = 4; lastKnownFileType = sourcecode.c.objc; path = KANLabelContainerView.m; sourceTree = "<group>"; };
		83BA165B178DE99200BFF856 /* KANAPI.h */ = {isa = PBXFileReference; fileEncoding = 4; lastKnownFileType = sourcecode.c.h; path = KANAPI.h; sourceTree = "<group>"; };
		83BA165C178DE99200BFF856 /* KANAPI.m */ = {isa = PBXFileReference; fileEncoding = 4; lastKnownFileType = sourcecode.c.objc; path = KANAPI.m; sourceTree = "<group>"; };
		83E31CFC179632AF00A6EAF7 /* KANAlbumArtistsTableViewController.h */ = {isa = PBXFileReference; fileEncoding = 4; lastKnownFileType = sourcecode.c.h; path = KANAlbumArtistsTableViewController.h; sourceTree = "<group>"; };
		83E31CFD179632AF00A6EAF7 /* KANAlbumArtistsTableViewController.m */ = {isa = PBXFileReference; fileEncoding = 4; lastKnownFileType = sourcecode.c.objc; path = KANAlbumArtistsTableViewController.m; sourceTree = "<group>"; };
		83E31D00179640E200A6EAF7 /* KANAlbumTableViewController.h */ = {isa = PBXFileReference; fileEncoding = 4; lastKnownFileType = sourcecode.c.h; path = KANAlbumTableViewController.h; sourceTree = "<group>"; };
		83E31D01179640E200A6EAF7 /* KANAlbumTableViewController.m */ = {isa = PBXFileReference; fileEncoding = 4; lastKnownFileType = sourcecode.c.objc; path = KANAlbumTableViewController.m; sourceTree = "<group>"; };
		83E44D88178A0D7A00CB37C1 /* CoreData.framework */ = {isa = PBXFileReference; lastKnownFileType = wrapper.framework; name = CoreData.framework; path = System/Library/Frameworks/CoreData.framework; sourceTree = SDKROOT; };
		83E44D8A178A15A000CB37C1 /* KANEntity.h */ = {isa = PBXFileReference; lastKnownFileType = sourcecode.c.h; path = KANEntity.h; sourceTree = "<group>"; };
		83E44D8B178A15A000CB37C1 /* KANEntity.m */ = {isa = PBXFileReference; lastKnownFileType = sourcecode.c.objc; path = KANEntity.m; sourceTree = "<group>"; };
		83E44D8C178A177700CB37C1 /* KANTrack.h */ = {isa = PBXFileReference; lastKnownFileType = sourcecode.c.h; path = KANTrack.h; sourceTree = "<group>"; };
		83E44D8D178A177700CB37C1 /* KANTrack.m */ = {isa = PBXFileReference; lastKnownFileType = sourcecode.c.objc; path = KANTrack.m; sourceTree = "<group>"; };
		83E44D8E178A1CD100CB37C1 /* KANUniqueEntity.h */ = {isa = PBXFileReference; lastKnownFileType = sourcecode.c.h; path = KANUniqueEntity.h; sourceTree = "<group>"; };
		83E44D9B178A7D8900CB37C1 /* KANUniqueEntity.m */ = {isa = PBXFileReference; fileEncoding = 4; lastKnownFileType = sourcecode.c.objc; path = KANUniqueEntity.m; sourceTree = "<group>"; };
		83FB7B7217911081003E56F8 /* CJStringNormalization.h */ = {isa = PBXFileReference; fileEncoding = 4; lastKnownFileType = sourcecode.c.h; name = CJStringNormalization.h; path = "../../cjutils-objc/CJUtils/CJStringNormalization.h"; sourceTree = "<group>"; };
		83FB7B7317911081003E56F8 /* CJStringNormalization.m */ = {isa = PBXFileReference; fileEncoding = 4; lastKnownFileType = sourcecode.c.objc; name = CJStringNormalization.m; path = "../../cjutils-objc/CJUtils/CJStringNormalization.m"; sourceTree = "<group>"; };
		83FB7B7417911081003E56F8 /* NSArray+CJExtensions.h */ = {isa = PBXFileReference; fileEncoding = 4; lastKnownFileType = sourcecode.c.h; name = "NSArray+CJExtensions.h"; path = "../../cjutils-objc/CJUtils/NSArray+CJExtensions.h"; sourceTree = "<group>"; };
		83FB7B7517911081003E56F8 /* NSArray+CJExtensions.m */ = {isa = PBXFileReference; fileEncoding = 4; lastKnownFileType = sourcecode.c.objc; name = "NSArray+CJExtensions.m"; path = "../../cjutils-objc/CJUtils/NSArray+CJExtensions.m"; sourceTree = "<group>"; };
		83FB7B7617911081003E56F8 /* NSDateFormatter+CJExtensions.h */ = {isa = PBXFileReference; fileEncoding = 4; lastKnownFileType = sourcecode.c.h; name = "NSDateFormatter+CJExtensions.h"; path = "../../cjutils-objc/CJUtils/NSDateFormatter+CJExtensions.h"; sourceTree = "<group>"; };
		83FB7B7717911081003E56F8 /* NSDateFormatter+CJExtensions.m */ = {isa = PBXFileReference; fileEncoding = 4; lastKnownFileType = sourcecode.c.objc; name = "NSDateFormatter+CJExtensions.m"; path = "../../cjutils-objc/CJUtils/NSDateFormatter+CJExtensions.m"; sourceTree = "<group>"; };
		83FB7B7817911081003E56F8 /* NSMutableArray+CJExtensions.h */ = {isa = PBXFileReference; fileEncoding = 4; lastKnownFileType = sourcecode.c.h; name = "NSMutableArray+CJExtensions.h"; path = "../../cjutils-objc/CJUtils/NSMutableArray+CJExtensions.h"; sourceTree = "<group>"; };
		83FB7B7917911081003E56F8 /* NSMutableArray+CJExtensions.m */ = {isa = PBXFileReference; fileEncoding = 4; lastKnownFileType = sourcecode.c.objc; name = "NSMutableArray+CJExtensions.m"; path = "../../cjutils-objc/CJUtils/NSMutableArray+CJExtensions.m"; sourceTree = "<group>"; };
/* End PBXFileReference section */

/* Begin PBXFrameworksBuildPhase section */
		834302E81789F13F006EC1A6 /* Frameworks */ = {
			isa = PBXFrameworksBuildPhase;
			buildActionMask = 2147483647;
			files = (
				83E44D89178A0D7A00CB37C1 /* CoreData.framework in Frameworks */,
				834302F11789F13F006EC1A6 /* CoreGraphics.framework in Frameworks */,
				834302F31789F13F006EC1A6 /* UIKit.framework in Frameworks */,
				834302EF1789F13F006EC1A6 /* Foundation.framework in Frameworks */,
			);
			runOnlyForDeploymentPostprocessing = 0;
		};
		834303091789F13F006EC1A6 /* Frameworks */ = {
			isa = PBXFrameworksBuildPhase;
			buildActionMask = 2147483647;
			files = (
				8343030E1789F13F006EC1A6 /* XCTest.framework in Frameworks */,
				834303101789F13F006EC1A6 /* UIKit.framework in Frameworks */,
				8343030F1789F13F006EC1A6 /* Foundation.framework in Frameworks */,
			);
			runOnlyForDeploymentPostprocessing = 0;
		};
/* End PBXFrameworksBuildPhase section */

/* Begin PBXGroup section */
		833FF15D178CB6420071195F /* CJUtils */ = {
			isa = PBXGroup;
			children = (
				83A28122179C6046008D0686 /* UIFont+CJExtensions.h */,
				83A28123179C6046008D0686 /* UIFont+CJExtensions.m */,
				836782C2179A213900348B6B /* NSString+CJExtensions.h */,
				836782C3179A213900348B6B /* NSString+CJExtensions.m */,
				833FF15E178CB6420071195F /* CJLog.h */,
				833FF15F178CB6420071195F /* CJUtils-Prefix.pch */,
				833FF160178CB6420071195F /* NSDictionary+CJExtensions.h */,
				83FB7B7217911081003E56F8 /* CJStringNormalization.h */,
				83FB7B7317911081003E56F8 /* CJStringNormalization.m */,
				83FB7B7417911081003E56F8 /* NSArray+CJExtensions.h */,
				83FB7B7517911081003E56F8 /* NSArray+CJExtensions.m */,
				83FB7B7617911081003E56F8 /* NSDateFormatter+CJExtensions.h */,
				83FB7B7717911081003E56F8 /* NSDateFormatter+CJExtensions.m */,
				83FB7B7817911081003E56F8 /* NSMutableArray+CJExtensions.h */,
				83FB7B7917911081003E56F8 /* NSMutableArray+CJExtensions.m */,
				833FF161178CB6420071195F /* NSDictionary+CJExtensions.m */,
			);
			name = CJUtils;
			path = "../CJUtils-ObjC/CJUtils";
			sourceTree = "<group>";
		};
		834302E21789F13F006EC1A6 = {
			isa = PBXGroup;
			children = (
				834302F41789F13F006EC1A6 /* Kanihi */,
				834303131789F13F006EC1A6 /* KanihiTests */,
				834302ED1789F13F006EC1A6 /* Frameworks */,
				834302EC1789F13F006EC1A6 /* Products */,
				83433362178BC04700CC985D /* Vendor */,
			);
			sourceTree = "<group>";
		};
		834302EC1789F13F006EC1A6 /* Products */ = {
			isa = PBXGroup;
			children = (
				834302EB1789F13F006EC1A6 /* Kanihi.app */,
				8343030C1789F13F006EC1A6 /* KanihiTests.xctest */,
			);
			name = Products;
			sourceTree = "<group>";
		};
		834302ED1789F13F006EC1A6 /* Frameworks */ = {
			isa = PBXGroup;
			children = (
				83E44D88178A0D7A00CB37C1 /* CoreData.framework */,
				834302EE1789F13F006EC1A6 /* Foundation.framework */,
				834302F01789F13F006EC1A6 /* CoreGraphics.framework */,
				834302F21789F13F006EC1A6 /* UIKit.framework */,
				8343030D1789F13F006EC1A6 /* XCTest.framework */,
			);
			name = Frameworks;
			sourceTree = "<group>";
		};
		834302F41789F13F006EC1A6 /* Kanihi */ = {
			isa = PBXGroup;
			children = (
				835B00311791C22700E07A71 /* KANUtils.h */,
				835B00321791C22700E07A71 /* KANUtils.m */,
				83BA165B178DE99200BFF856 /* KANAPI.h */,
				83BA165C178DE99200BFF856 /* KANAPI.m */,
				83433384178BE1D400CC985D /* KANConstants.h */,
				83433385178BE1D400CC985D /* KANConstants.m */,
				834302FD1789F13F006EC1A6 /* KANAppDelegate.h */,
				834302FE1789F13F006EC1A6 /* KANAppDelegate.m */,
				834303261789F900006EC1A6 /* Models */,
				835B00351791C78900E07A71 /* Views */,
				834303061789F13F006EC1A6 /* Images.xcassets */,
				834303001789F13F006EC1A6 /* Main.storyboard */,
				834302F51789F13F006EC1A6 /* Supporting Files */,
			);
			path = Kanihi;
			sourceTree = "<group>";
		};
		834302F51789F13F006EC1A6 /* Supporting Files */ = {
			isa = PBXGroup;
			children = (
				834302F61789F13F006EC1A6 /* Kanihi-Info.plist */,
				834302F71789F13F006EC1A6 /* InfoPlist.strings */,
				834302FA1789F13F006EC1A6 /* main.m */,
				834302FC1789F13F006EC1A6 /* Kanihi-Prefix.pch */,
			);
			name = "Supporting Files";
			sourceTree = "<group>";
		};
		834303131789F13F006EC1A6 /* KanihiTests */ = {
			isa = PBXGroup;
			children = (
				834303191789F13F006EC1A6 /* KanihiTests.m */,
				834303141789F13F006EC1A6 /* Supporting Files */,
			);
			path = KanihiTests;
			sourceTree = "<group>";
		};
		834303141789F13F006EC1A6 /* Supporting Files */ = {
			isa = PBXGroup;
			children = (
				834303151789F13F006EC1A6 /* KanihiTests-Info.plist */,
				834303161789F13F006EC1A6 /* InfoPlist.strings */,
			);
			name = "Supporting Files";
			sourceTree = "<group>";
		};
		834303261789F900006EC1A6 /* Models */ = {
			isa = PBXGroup;
			children = (
				834303231789F183006EC1A6 /* Model.xcdatamodeld */,
				83A28225179CC15C008D0686 /* KANArtwork.h */,
				83A28226179CC15C008D0686 /* KANArtwork.m */,
				83E44D8A178A15A000CB37C1 /* KANEntity.h */,
				83E44D8B178A15A000CB37C1 /* KANEntity.m */,
				83E44D8E178A1CD100CB37C1 /* KANUniqueEntity.h */,
				83E44D9B178A7D8900CB37C1 /* KANUniqueEntity.m */,
				83433374178BC91400CC985D /* KANAlbumArtist.h */,
				83433375178BC91400CC985D /* KANAlbumArtist.m */,
				83433380178BD27800CC985D /* KANGenre.h */,
				83433381178BD27800CC985D /* KANGenre.m */,
				8343337C178BCD0600CC985D /* KANDisc.h */,
				8343337D178BCD0600CC985D /* KANDisc.m */,
				83433378178BCAB400CC985D /* KANAlbum.h */,
				83433379178BCAB400CC985D /* KANAlbum.m */,
				8343331F178BAF8900CC985D /* KANTrackArtist.h */,
				83433320178BAF8900CC985D /* KANTrackArtist.m */,
				83E44D8C178A177700CB37C1 /* KANTrack.h */,
				83E44D8D178A177700CB37C1 /* KANTrack.m */,
				834303271789F953006EC1A6 /* KANDataStore.h */,
				834303281789F953006EC1A6 /* KANDataStore.m */,
			);
			name = Models;
			sourceTree = "<group>";
		};
		83433362178BC04700CC985D /* Vendor */ = {
			isa = PBXGroup;
			children = (
				83A281FA179C9BD9008D0686 /* AFNetworking */,
				83A2820E179C9BD9008D0686 /* Base64 */,
				833FF15D178CB6420071195F /* CJUtils */,
			);
			name = Vendor;
			sourceTree = "<group>";
		};
		835B00351791C78900E07A71 /* Views */ = {
			isa = PBXGroup;
			children = (
				83A4D874179BB8AD008597E0 /* KANLabelContainerView.h */,
				83A4D875179BB8AD008597E0 /* KANLabelContainerView.m */,
				836782D2179A4F5000348B6B /* KANAlbumTrackListingTableView.h */,
				836782D3179A4F5000348B6B /* KANAlbumTrackListingTableView.m */,
				836782CA179A477600348B6B /* KANAlbumTrackListingCell.h */,
				836782CB179A477600348B6B /* KANAlbumTrackListingCell.m */,
				836782C6179A268F00348B6B /* KANAlbumTrackListingTableViewController.h */,
				836782C7179A268F00348B6B /* KANAlbumTrackListingTableViewController.m */,
				83A4D847179B167E008597E0 /* KANTableViewCell.xib */,
				83A4D84A179B17A8008597E0 /* KANTableViewCell.h */,
				83A4D84B179B17A8008597E0 /* KANTableViewCell.m */,
				836782AD1799F89300348B6B /* KANMainMenuViewController.h */,
				836782AE1799F89300348B6B /* KANMainMenuViewController.m */,
				836782B11799FAF100348B6B /* KANMainMenuViewCell.h */,
				836782B21799FAF100348B6B /* KANMainMenuViewCell.m */,
				836782A51799DC7E00348B6B /* KANGenreTableViewController.h */,
				836782A61799DC7E00348B6B /* KANGenreTableViewController.m */,
				836782A91799E0D500348B6B /* KANNavigationController.h */,
				836782AA1799E0D500348B6B /* KANNavigationController.m */,
				83E31D00179640E200A6EAF7 /* KANAlbumTableViewController.h */,
				83E31D01179640E200A6EAF7 /* KANAlbumTableViewController.m */,
				835B00361791C7E900E07A71 /* KANBaseTableViewController.h */,
				835B00371791C7E900E07A71 /* KANBaseTableViewController.m */,
				83E31CFC179632AF00A6EAF7 /* KANAlbumArtistsTableViewController.h */,
				83E31CFD179632AF00A6EAF7 /* KANAlbumArtistsTableViewController.m */,
			);
			name = Views;
			sourceTree = "<group>";
		};
		83A281FA179C9BD9008D0686 /* AFNetworking */ = {
			isa = PBXGroup;
			children = (
				83A281FB179C9BD9008D0686 /* AFHTTPClient.h */,
				83A281FC179C9BD9008D0686 /* AFHTTPClient.m */,
				83A281FD179C9BD9008D0686 /* AFHTTPRequestOperation.h */,
				83A281FE179C9BD9008D0686 /* AFHTTPRequestOperation.m */,
				83A281FF179C9BD9008D0686 /* AFImageRequestOperation.h */,
				83A28200179C9BD9008D0686 /* AFImageRequestOperation.m */,
				83A28201179C9BD9008D0686 /* AFJSONRequestOperation.h */,
				83A28202179C9BD9008D0686 /* AFJSONRequestOperation.m */,
				83A28203179C9BD9008D0686 /* AFNetworkActivityIndicatorManager.h */,
				83A28204179C9BD9008D0686 /* AFNetworkActivityIndicatorManager.m */,
				83A28205179C9BD9008D0686 /* AFNetworking.h */,
				83A28206179C9BD9008D0686 /* AFPropertyListRequestOperation.h */,
				83A28207179C9BD9008D0686 /* AFPropertyListRequestOperation.m */,
				83A28208179C9BD9008D0686 /* AFURLConnectionOperation.h */,
				83A28209179C9BD9008D0686 /* AFURLConnectionOperation.m */,
				83A2820A179C9BD9008D0686 /* AFXMLRequestOperation.h */,
				83A2820B179C9BD9008D0686 /* AFXMLRequestOperation.m */,
				83A2820C179C9BD9008D0686 /* UIImageView+AFNetworking.h */,
				83A2820D179C9BD9008D0686 /* UIImageView+AFNetworking.m */,
			);
			name = AFNetworking;
			path = Vendor/AFNetworking/AFNetworking;
			sourceTree = "<group>";
		};
		83A2820E179C9BD9008D0686 /* Base64 */ = {
			isa = PBXGroup;
			children = (
				83A2820F179C9BD9008D0686 /* Base64.h */,
				83A28210179C9BD9008D0686 /* Base64.m */,
			);
			name = Base64;
			path = Vendor/Base64/Base64;
			sourceTree = "<group>";
		};
/* End PBXGroup section */

/* Begin PBXNativeTarget section */
		834302EA1789F13F006EC1A6 /* Kanihi */ = {
			isa = PBXNativeTarget;
			buildConfigurationList = 8343031D1789F13F006EC1A6 /* Build configuration list for PBXNativeTarget "Kanihi" */;
			buildPhases = (
				834302E71789F13F006EC1A6 /* Sources */,
				834302E81789F13F006EC1A6 /* Frameworks */,
				834302E91789F13F006EC1A6 /* Resources */,
			);
			buildRules = (
			);
			dependencies = (
			);
			name = Kanihi;
			productName = Kanihi;
			productReference = 834302EB1789F13F006EC1A6 /* Kanihi.app */;
			productType = "com.apple.product-type.application";
		};
		8343030B1789F13F006EC1A6 /* KanihiTests */ = {
			isa = PBXNativeTarget;
			buildConfigurationList = 834303201789F13F006EC1A6 /* Build configuration list for PBXNativeTarget "KanihiTests" */;
			buildPhases = (
				834303081789F13F006EC1A6 /* Sources */,
				834303091789F13F006EC1A6 /* Frameworks */,
				8343030A1789F13F006EC1A6 /* Resources */,
			);
			buildRules = (
			);
			dependencies = (
				834303121789F13F006EC1A6 /* PBXTargetDependency */,
			);
			name = KanihiTests;
			productName = KanihiTests;
			productReference = 8343030C1789F13F006EC1A6 /* KanihiTests.xctest */;
			productType = "com.apple.product-type.bundle.unit-test";
		};
/* End PBXNativeTarget section */

/* Begin PBXProject section */
		834302E31789F13F006EC1A6 /* Project object */ = {
			isa = PBXProject;
			attributes = {
				CLASSPREFIX = KAN;
				LastUpgradeCheck = 0500;
				ORGANIZATIONNAME = "Chris Lucas";
				TargetAttributes = {
					834302EA1789F13F006EC1A6 = {
						DevelopmentTeam = 4HV5RKTAF4;
					};
					8343030B1789F13F006EC1A6 = {
						TestTargetID = 834302EA1789F13F006EC1A6;
					};
				};
			};
			buildConfigurationList = 834302E61789F13F006EC1A6 /* Build configuration list for PBXProject "Kanihi" */;
			compatibilityVersion = "Xcode 3.2";
			developmentRegion = English;
			hasScannedForEncodings = 0;
			knownRegions = (
				en,
				Base,
			);
			mainGroup = 834302E21789F13F006EC1A6;
			productRefGroup = 834302EC1789F13F006EC1A6 /* Products */;
			projectDirPath = "";
			projectRoot = "";
			targets = (
				834302EA1789F13F006EC1A6 /* Kanihi */,
				8343030B1789F13F006EC1A6 /* KanihiTests */,
			);
		};
/* End PBXProject section */

/* Begin PBXResourcesBuildPhase section */
		834302E91789F13F006EC1A6 /* Resources */ = {
			isa = PBXResourcesBuildPhase;
			buildActionMask = 2147483647;
			files = (
				83A4D848179B167E008597E0 /* KANTableViewCell.xib in Resources */,
				834303071789F13F006EC1A6 /* Images.xcassets in Resources */,
				834302F91789F13F006EC1A6 /* InfoPlist.strings in Resources */,
				834303021789F13F006EC1A6 /* Main.storyboard in Resources */,
			);
			runOnlyForDeploymentPostprocessing = 0;
		};
		8343030A1789F13F006EC1A6 /* Resources */ = {
			isa = PBXResourcesBuildPhase;
			buildActionMask = 2147483647;
			files = (
				83A4D849179B167E008597E0 /* KANTableViewCell.xib in Resources */,
				834303181789F13F006EC1A6 /* InfoPlist.strings in Resources */,
			);
			runOnlyForDeploymentPostprocessing = 0;
		};
/* End PBXResourcesBuildPhase section */

/* Begin PBXSourcesBuildPhase section */
		834302E71789F13F006EC1A6 /* Sources */ = {
			isa = PBXSourcesBuildPhase;
			buildActionMask = 2147483647;
			files = (
				83A28213179C9BD9008D0686 /* AFHTTPRequestOperation.m in Sources */,
				83433386178BE1D400CC985D /* KANConstants.m in Sources */,
				83A28215179C9BD9008D0686 /* AFImageRequestOperation.m in Sources */,
				833FF162178CB6420071195F /* NSDictionary+CJExtensions.m in Sources */,
				83E44D90178A206400CB37C1 /* KANEntity.m in Sources */,
				83E44D8F178A204800CB37C1 /* KANTrack.m in Sources */,
				83FB7B7E17911081003E56F8 /* NSDateFormatter+CJExtensions.m in Sources */,
				83A28211179C9BD9008D0686 /* AFHTTPClient.m in Sources */,
				83E44D9C178A7D8900CB37C1 /* KANUniqueEntity.m in Sources */,
				83A28227179CC15C008D0686 /* KANArtwork.m in Sources */,
				8343337E178BCD0600CC985D /* KANDisc.m in Sources */,
				83A4D876179BB8AD008597E0 /* KANLabelContainerView.m in Sources */,
				83BA165D178DE99200BFF856 /* KANAPI.m in Sources */,
				83433382178BD27800CC985D /* KANGenre.m in Sources */,
				836782A71799DC7E00348B6B /* KANGenreTableViewController.m in Sources */,
				83A4D84C179B17A8008597E0 /* KANTableViewCell.m in Sources */,
				83433376178BC91400CC985D /* KANAlbumArtist.m in Sources */,
				836782AF1799F89300348B6B /* KANMainMenuViewController.m in Sources */,
				834302FB1789F13F006EC1A6 /* main.m in Sources */,
				83A2821B179C9BD9008D0686 /* AFPropertyListRequestOperation.m in Sources */,
				83A2821D179C9BD9008D0686 /* AFURLConnectionOperation.m in Sources */,
				83A28124179C6046008D0686 /* UIFont+CJExtensions.m in Sources */,
				836782CC179A477600348B6B /* KANAlbumTrackListingCell.m in Sources */,
				835B00381791C7E900E07A71 /* KANBaseTableViewController.m in Sources */,
				83A28221179C9BD9008D0686 /* UIImageView+AFNetworking.m in Sources */,
				836782C4179A213900348B6B /* NSString+CJExtensions.m in Sources */,
				83A28217179C9BD9008D0686 /* AFJSONRequestOperation.m in Sources */,
				836782B31799FAF100348B6B /* KANMainMenuViewCell.m in Sources */,
				835B00331791C22700E07A71 /* KANUtils.m in Sources */,
				83433321178BAF8900CC985D /* KANTrackArtist.m in Sources */,
				83FB7B7A17911081003E56F8 /* CJStringNormalization.m in Sources */,
				8343337A178BCAB400CC985D /* KANAlbum.m in Sources */,
				834303291789F953006EC1A6 /* KANDataStore.m in Sources */,
				83A28223179C9BD9008D0686 /* Base64.m in Sources */,
				83E31D02179640E200A6EAF7 /* KANAlbumTableViewController.m in Sources */,
				834302FF1789F13F006EC1A6 /* KANAppDelegate.m in Sources */,
				836782D4179A4F5000348B6B /* KANAlbumTrackListingTableView.m in Sources */,
				83A2821F179C9BD9008D0686 /* AFXMLRequestOperation.m in Sources */,
				834303251789F183006EC1A6 /* Model.xcdatamodeld in Sources */,
				83FB7B7C17911081003E56F8 /* NSArray+CJExtensions.m in Sources */,
				83FB7B8017911081003E56F8 /* NSMutableArray+CJExtensions.m in Sources */,
				83A28219179C9BD9008D0686 /* AFNetworkActivityIndicatorManager.m in Sources */,
				836782AB1799E0D500348B6B /* KANNavigationController.m in Sources */,
				836782C8179A268F00348B6B /* KANAlbumTrackListingTableViewController.m in Sources */,
				83E31CFE179632AF00A6EAF7 /* KANAlbumArtistsTableViewController.m in Sources */,
			);
			runOnlyForDeploymentPostprocessing = 0;
		};
		834303081789F13F006EC1A6 /* Sources */ = {
			isa = PBXSourcesBuildPhase;
			buildActionMask = 2147483647;
			files = (
				83E31D03179640E200A6EAF7 /* KANAlbumTableViewController.m in Sources */,
				83E44D9D178A7D8900CB37C1 /* KANUniqueEntity.m in Sources */,
				83FB7B7B17911081003E56F8 /* CJStringNormalization.m in Sources */,
				83A28125179C6046008D0686 /* UIFont+CJExtensions.m in Sources */,
				83A2821E179C9BD9008D0686 /* AFURLConnectionOperation.m in Sources */,
				83FB7B7F17911081003E56F8 /* NSDateFormatter+CJExtensions.m in Sources */,
				83A28212179C9BD9008D0686 /* AFHTTPClient.m in Sources */,
				833FF163178CB6420071195F /* NSDictionary+CJExtensions.m in Sources */,
				835B00391791C7E900E07A71 /* KANBaseTableViewController.m in Sources */,
				83A28222179C9BD9008D0686 /* UIImageView+AFNetworking.m in Sources */,
				83A2821C179C9BD9008D0686 /* AFPropertyListRequestOperation.m in Sources */,
				8343337F178BCD0600CC985D /* KANDisc.m in Sources */,
				8343031A1789F13F006EC1A6 /* KanihiTests.m in Sources */,
				83A28224179C9BD9008D0686 /* Base64.m in Sources */,
				835B00341791C22700E07A71 /* KANUtils.m in Sources */,
				83A28218179C9BD9008D0686 /* AFJSONRequestOperation.m in Sources */,
				836782A81799DC7E00348B6B /* KANGenreTableViewController.m in Sources */,
				83433322178BAF8900CC985D /* KANTrackArtist.m in Sources */,
				83BA165E178DE99200BFF856 /* KANAPI.m in Sources */,
				83A28228179CC15C008D0686 /* KANArtwork.m in Sources */,
				836782C5179A213900348B6B /* NSString+CJExtensions.m in Sources */,
				83A28220179C9BD9008D0686 /* AFXMLRequestOperation.m in Sources */,
				83A4D877179BB8AD008597E0 /* KANLabelContainerView.m in Sources */,
				836782CD179A477600348B6B /* KANAlbumTrackListingCell.m in Sources */,
				836782AC1799E0D500348B6B /* KANNavigationController.m in Sources */,
				83433387178BE1D400CC985D /* KANConstants.m in Sources */,
				836782B41799FAF100348B6B /* KANMainMenuViewCell.m in Sources */,
				836782B01799F89300348B6B /* KANMainMenuViewController.m in Sources */,
				83FB7B7D17911081003E56F8 /* NSArray+CJExtensions.m in Sources */,
				83A4D84D179B17A8008597E0 /* KANTableViewCell.m in Sources */,
				83A2821A179C9BD9008D0686 /* AFNetworkActivityIndicatorManager.m in Sources */,
				836782D5179A4F5000348B6B /* KANAlbumTrackListingTableView.m in Sources */,
				83A28216179C9BD9008D0686 /* AFImageRequestOperation.m in Sources */,
				83433383178BD27800CC985D /* KANGenre.m in Sources */,
				83E31CFF179632AF00A6EAF7 /* KANAlbumArtistsTableViewController.m in Sources */,
				83433377178BC91400CC985D /* KANAlbumArtist.m in Sources */,
				83A28214179C9BD9008D0686 /* AFHTTPRequestOperation.m in Sources */,
				836782C9179A268F00348B6B /* KANAlbumTrackListingTableViewController.m in Sources */,
				8343337B178BCAB400CC985D /* KANAlbum.m in Sources */,
				83FB7B8117911081003E56F8 /* NSMutableArray+CJExtensions.m in Sources */,
			);
			runOnlyForDeploymentPostprocessing = 0;
		};
/* End PBXSourcesBuildPhase section */

/* Begin PBXTargetDependency section */
		834303121789F13F006EC1A6 /* PBXTargetDependency */ = {
			isa = PBXTargetDependency;
			target = 834302EA1789F13F006EC1A6 /* Kanihi */;
			targetProxy = 834303111789F13F006EC1A6 /* PBXContainerItemProxy */;
		};
/* End PBXTargetDependency section */

/* Begin PBXVariantGroup section */
		834302F71789F13F006EC1A6 /* InfoPlist.strings */ = {
			isa = PBXVariantGroup;
			children = (
				834302F81789F13F006EC1A6 /* en */,
			);
			name = InfoPlist.strings;
			sourceTree = "<group>";
		};
		834303001789F13F006EC1A6 /* Main.storyboard */ = {
			isa = PBXVariantGroup;
			children = (
				834303011789F13F006EC1A6 /* Base */,
			);
			name = Main.storyboard;
			sourceTree = "<group>";
		};
		834303161789F13F006EC1A6 /* InfoPlist.strings */ = {
			isa = PBXVariantGroup;
			children = (
				834303171789F13F006EC1A6 /* en */,
			);
			name = InfoPlist.strings;
			sourceTree = "<group>";
		};
/* End PBXVariantGroup section */

/* Begin XCBuildConfiguration section */
		8343031B1789F13F006EC1A6 /* Debug */ = {
			isa = XCBuildConfiguration;
			buildSettings = {
				ALWAYS_SEARCH_USER_PATHS = NO;
				CLANG_CXX_LANGUAGE_STANDARD = "gnu++0x";
				CLANG_CXX_LIBRARY = "libc++";
				CLANG_ENABLE_MODULES = YES;
				CLANG_ENABLE_OBJC_ARC = YES;
				CLANG_WARN_BOOL_CONVERSION = YES;
				CLANG_WARN_CONSTANT_CONVERSION = YES;
				CLANG_WARN_DIRECT_OBJC_ISA_USAGE = YES_ERROR;
				CLANG_WARN_EMPTY_BODY = YES;
				CLANG_WARN_ENUM_CONVERSION = YES;
				CLANG_WARN_INT_CONVERSION = YES;
				CLANG_WARN_OBJC_ROOT_CLASS = YES_ERROR;
				CLANG_WARN__DUPLICATE_METHOD_MATCH = YES;
				CODE_SIGN_IDENTITY = "iPhone Developer: Christopher Lucas (Z2RD4535Y3)";
				"CODE_SIGN_IDENTITY[sdk=iphoneos*]" = "iPhone Developer";
				COPY_PHASE_STRIP = NO;
				GCC_C_LANGUAGE_STANDARD = gnu99;
				GCC_DYNAMIC_NO_PIC = NO;
				GCC_OPTIMIZATION_LEVEL = 0;
				GCC_PREPROCESSOR_DEFINITIONS = (
					"DEBUG=1",
					"$(inherited)",
				);
				GCC_SYMBOLS_PRIVATE_EXTERN = NO;
				GCC_WARN_ABOUT_RETURN_TYPE = YES_ERROR;
				GCC_WARN_UNDECLARED_SELECTOR = YES;
				GCC_WARN_UNINITIALIZED_AUTOS = YES;
				GCC_WARN_UNUSED_FUNCTION = YES;
				GCC_WARN_UNUSED_VARIABLE = YES;
				IPHONEOS_DEPLOYMENT_TARGET = 7.0;
				ONLY_ACTIVE_ARCH = YES;
				SDKROOT = iphoneos;
			};
			name = Debug;
		};
		8343031C1789F13F006EC1A6 /* Release */ = {
			isa = XCBuildConfiguration;
			buildSettings = {
				ALWAYS_SEARCH_USER_PATHS = NO;
				CLANG_CXX_LANGUAGE_STANDARD = "gnu++0x";
				CLANG_CXX_LIBRARY = "libc++";
				CLANG_ENABLE_MODULES = YES;
				CLANG_ENABLE_OBJC_ARC = YES;
				CLANG_WARN_BOOL_CONVERSION = YES;
				CLANG_WARN_CONSTANT_CONVERSION = YES;
				CLANG_WARN_DIRECT_OBJC_ISA_USAGE = YES_ERROR;
				CLANG_WARN_EMPTY_BODY = YES;
				CLANG_WARN_ENUM_CONVERSION = YES;
				CLANG_WARN_INT_CONVERSION = YES;
				CLANG_WARN_OBJC_ROOT_CLASS = YES_ERROR;
				CLANG_WARN__DUPLICATE_METHOD_MATCH = YES;
				CODE_SIGN_IDENTITY = "iPhone Developer: Christopher Lucas (Z2RD4535Y3)";
				"CODE_SIGN_IDENTITY[sdk=iphoneos*]" = "iPhone Developer";
				COPY_PHASE_STRIP = YES;
				ENABLE_NS_ASSERTIONS = NO;
				GCC_C_LANGUAGE_STANDARD = gnu99;
				GCC_WARN_ABOUT_RETURN_TYPE = YES_ERROR;
				GCC_WARN_UNDECLARED_SELECTOR = YES;
				GCC_WARN_UNINITIALIZED_AUTOS = YES;
				GCC_WARN_UNUSED_FUNCTION = YES;
				GCC_WARN_UNUSED_VARIABLE = YES;
				IPHONEOS_DEPLOYMENT_TARGET = 7.0;
				SDKROOT = iphoneos;
				VALIDATE_PRODUCT = YES;
			};
			name = Release;
		};
		8343031E1789F13F006EC1A6 /* Debug */ = {
			isa = XCBuildConfiguration;
			buildSettings = {
				ASSETCATALOG_COMPILER_APPICON_NAME = AppIcon;
				ASSETCATALOG_COMPILER_LAUNCHIMAGE_NAME = LaunchImage;
				CODE_SIGN_IDENTITY = "iPhone Developer";
				GCC_PRECOMPILE_PREFIX_HEADER = YES;
				GCC_PREFIX_HEADER = "Kanihi/Kanihi-Prefix.pch";
				INFOPLIST_FILE = "Kanihi/Kanihi-Info.plist";
				ONLY_ACTIVE_ARCH = YES;
				PRODUCT_NAME = "$(TARGET_NAME)";
				WRAPPER_EXTENSION = app;
			};
			name = Debug;
		};
		8343031F1789F13F006EC1A6 /* Release */ = {
			isa = XCBuildConfiguration;
			buildSettings = {
				ASSETCATALOG_COMPILER_APPICON_NAME = AppIcon;
				ASSETCATALOG_COMPILER_LAUNCHIMAGE_NAME = LaunchImage;
				CODE_SIGN_IDENTITY = "iPhone Developer";
				GCC_PRECOMPILE_PREFIX_HEADER = YES;
				GCC_PREFIX_HEADER = "Kanihi/Kanihi-Prefix.pch";
				INFOPLIST_FILE = "Kanihi/Kanihi-Info.plist";
				ONLY_ACTIVE_ARCH = YES;
				PRODUCT_NAME = "$(TARGET_NAME)";
				WRAPPER_EXTENSION = app;
			};
			name = Release;
		};
		834303211789F13F006EC1A6 /* Debug */ = {
			isa = XCBuildConfiguration;
			buildSettings = {
				BUNDLE_LOADER = "$(BUILT_PRODUCTS_DIR)/Kanihi.app/Kanihi";
				FRAMEWORK_SEARCH_PATHS = (
					"$(SDKROOT)/Developer/Library/Frameworks",
					"$(inherited)",
					"$(SYSTEM_APPS_DIR)/Xcode5-DP2.app/Contents/Developer/Library/Frameworks",
				);
				GCC_PRECOMPILE_PREFIX_HEADER = YES;
				GCC_PREFIX_HEADER = "Kanihi/Kanihi-Prefix.pch";
				GCC_PREPROCESSOR_DEFINITIONS = (
					"DEBUG=1",
					"$(inherited)",
				);
				INFOPLIST_FILE = "KanihiTests/KanihiTests-Info.plist";
				PRODUCT_NAME = "$(TARGET_NAME)";
				TEST_HOST = "$(BUNDLE_LOADER)";
				WRAPPER_EXTENSION = xctest;
			};
			name = Debug;
		};
		834303221789F13F006EC1A6 /* Release */ = {
			isa = XCBuildConfiguration;
			buildSettings = {
				BUNDLE_LOADER = "$(BUILT_PRODUCTS_DIR)/Kanihi.app/Kanihi";
				FRAMEWORK_SEARCH_PATHS = (
					"$(SDKROOT)/Developer/Library/Frameworks",
					"$(inherited)",
					"$(SYSTEM_APPS_DIR)/Xcode5-DP2.app/Contents/Developer/Library/Frameworks",
				);
				GCC_PRECOMPILE_PREFIX_HEADER = YES;
				GCC_PREFIX_HEADER = "Kanihi/Kanihi-Prefix.pch";
				INFOPLIST_FILE = "KanihiTests/KanihiTests-Info.plist";
				PRODUCT_NAME = "$(TARGET_NAME)";
				TEST_HOST = "$(BUNDLE_LOADER)";
				WRAPPER_EXTENSION = xctest;
			};
			name = Release;
		};
/* End XCBuildConfiguration section */

/* Begin XCConfigurationList section */
		834302E61789F13F006EC1A6 /* Build configuration list for PBXProject "Kanihi" */ = {
			isa = XCConfigurationList;
			buildConfigurations = (
				8343031B1789F13F006EC1A6 /* Debug */,
				8343031C1789F13F006EC1A6 /* Release */,
			);
			defaultConfigurationIsVisible = 0;
			defaultConfigurationName = Release;
		};
		8343031D1789F13F006EC1A6 /* Build configuration list for PBXNativeTarget "Kanihi" */ = {
			isa = XCConfigurationList;
			buildConfigurations = (
				8343031E1789F13F006EC1A6 /* Debug */,
				8343031F1789F13F006EC1A6 /* Release */,
			);
			defaultConfigurationIsVisible = 0;
			defaultConfigurationName = Release;
		};
		834303201789F13F006EC1A6 /* Build configuration list for PBXNativeTarget "KanihiTests" */ = {
			isa = XCConfigurationList;
			buildConfigurations = (
				834303211789F13F006EC1A6 /* Debug */,
				834303221789F13F006EC1A6 /* Release */,
			);
			defaultConfigurationIsVisible = 0;
			defaultConfigurationName = Release;
		};
/* End XCConfigurationList section */

/* Begin XCVersionGroup section */
		834303231789F183006EC1A6 /* Model.xcdatamodeld */ = {
			isa = XCVersionGroup;
			children = (
				834303241789F183006EC1A6 /* Model.xcdatamodel */,
			);
			currentVersion = 834303241789F183006EC1A6 /* Model.xcdatamodel */;
			path = Model.xcdatamodeld;
			sourceTree = "<group>";
			versionGroupType = wrapper.xcdatamodel;
		};
/* End XCVersionGroup section */
	};
	rootObject = 834302E31789F13F006EC1A6 /* Project object */;
}
